{
  "object": {
    "pins": [
      {
        "package": "Balam",
        "repositoryURL": "https://github.com/catverse/balam.git",
        "state": {
          "branch": "master",
          "revision": "2d889305b9befc049a120d80148dff688b80a2bd",
          "version": null
        }
      },
      {
        "package": "Player",
        "repositoryURL": "https://github.com/rock-me/player.git",
        "state": {
          "branch": "master",
          "revision": "51faa21ca1705fada961a81c0e9022773230a9bc",
          "version": null
        }
      }
    ]
  },
  "version": 1
}
