{
  "object": {
    "pins": [
      {
        "package": "Balam",
        "repositoryURL": "https://github.com/catverse/balam.git",
        "state": {
          "branch": "master",
          "revision": "c29b5b156b0d8ea5f5b6c57de5675dcc9026bbdc",
          "version": null
        }
      },
      {
        "package": "Player",
        "repositoryURL": "https://github.com/rock-me/player.git",
        "state": {
          "branch": "master",
          "revision": "0e9d41072208d0c8ce98a049de3dfa2b5eee152b",
          "version": null
        }
      }
    ]
  },
  "version": 1
}
