// !$*UTF8*$!
{
	archiveVersion = 1;
	classes = {
	};
	objectVersion = 52;
	objects = {

/* Begin PBXBuildFile section */
		CE04366824853C1F003841CA /* Coverflow.swift in Sources */ = {isa = PBXBuildFile; fileRef = CE04366724853C1F003841CA /* Coverflow.swift */; };
		CE04366C24855918003841CA /* Media.xcassets in Resources */ = {isa = PBXBuildFile; fileRef = CE04366B24855918003841CA /* Media.xcassets */; };
		CE0436702485667F003841CA /* Detail.swift in Sources */ = {isa = PBXBuildFile; fileRef = CE04366F2485667F003841CA /* Detail.swift */; };
		CE0CA131249643D3002E4410 /* Localizable.strings in Resources */ = {isa = PBXBuildFile; fileRef = CEEA68912483B75600716620 /* Localizable.strings */; };
		CE0CA13324964CF3002E4410 /* Controls.swift in Sources */ = {isa = PBXBuildFile; fileRef = CE0CA13224964CF3002E4410 /* Controls.swift */; };
		CE0CA13524966494002E4410 /* Session.swift in Sources */ = {isa = PBXBuildFile; fileRef = CE0CA13424966494002E4410 /* Session.swift */; };
		CE0CA1372496785B002E4410 /* App.swift in Sources */ = {isa = PBXBuildFile; fileRef = CE0CA1362496785B002E4410 /* App.swift */; };
		CE1D719D248D246B004D37F3 /* Player in Frameworks */ = {isa = PBXBuildFile; productRef = CE1D719C248D246B004D37F3 /* Player */; };
		CE31B7662493AF8F003FEF67 /* Store.swift in Sources */ = {isa = PBXBuildFile; fileRef = CE31B7652493AF8F003FEF67 /* Store.swift */; };
		CE31B7682493C3B1003FEF67 /* Settings.swift in Sources */ = {isa = PBXBuildFile; fileRef = CE31B7672493C3B1003FEF67 /* Settings.swift */; };
		CE31B76A2493D881003FEF67 /* Close.swift in Sources */ = {isa = PBXBuildFile; fileRef = CE31B7692493D881003FEF67 /* Close.swift */; };
		CE31B76C2493D8B7003FEF67 /* UIViewController.swift in Sources */ = {isa = PBXBuildFile; fileRef = CE31B76B2493D8B7003FEF67 /* UIViewController.swift */; };
		CE3B0A38248EA68400A810E0 /* Store.swift in Sources */ = {isa = PBXBuildFile; fileRef = CE3B0A37248EA68400A810E0 /* Store.swift */; };
		CE3B0A3A248EB17F00A810E0 /* Purchases.swift in Sources */ = {isa = PBXBuildFile; fileRef = CE3B0A39248EB17F00A810E0 /* Purchases.swift */; };
		CE3B3DDF2491342000D1EBC8 /* Bar.swift in Sources */ = {isa = PBXBuildFile; fileRef = CE3B3DDE2491342000D1EBC8 /* Bar.swift */; };
		CE3B3DE1249135B700D1EBC8 /* Localizable.strings in Resources */ = {isa = PBXBuildFile; fileRef = CEEA68912483B75600716620 /* Localizable.strings */; };
		CE3B3DE2249135BA00D1EBC8 /* Media.xcassets in Resources */ = {isa = PBXBuildFile; fileRef = CE04366B24855918003841CA /* Media.xcassets */; };
		CE3B3DE3249135BF00D1EBC8 /* String.swift in Sources */ = {isa = PBXBuildFile; fileRef = CEEA688F2483B6DA00716620 /* String.swift */; };
		CE3B3DE4249135C500D1EBC8 /* Session.swift in Sources */ = {isa = PBXBuildFile; fileRef = CE48A41C24895B71004555C1 /* Session.swift */; };
		CE3B3DE6249135CD00D1EBC8 /* Purchases.swift in Sources */ = {isa = PBXBuildFile; fileRef = CE3B0A39248EB17F00A810E0 /* Purchases.swift */; };
		CE3B3DE8249135D700D1EBC8 /* Font.swift in Sources */ = {isa = PBXBuildFile; fileRef = CEEA68A02483CFAF00716620 /* Font.swift */; };
		CE3B3DE92491415300D1EBC8 /* beethovenFurElise.mp3 in Resources */ = {isa = PBXBuildFile; fileRef = CEAD9C2A248BCC6200E1BDB2 /* beethovenFurElise.mp3 */; };
		CE3B3DEA2491415300D1EBC8 /* beethovenMoonlightSonata.mp3 in Resources */ = {isa = PBXBuildFile; fileRef = CEAD9C33248BCC6300E1BDB2 /* beethovenMoonlightSonata.mp3 */; };
		CE3B3DEB2491415300D1EBC8 /* beethovenPathetique.mp3 in Resources */ = {isa = PBXBuildFile; fileRef = CEAD9C26248BCC6200E1BDB2 /* beethovenPathetique.mp3 */; };
		CE3B3DEC2491415300D1EBC8 /* beethovenPianoConcerto3.mp3 in Resources */ = {isa = PBXBuildFile; fileRef = CEAD9C28248BCC6200E1BDB2 /* beethovenPianoConcerto3.mp3 */; };
		CE3B3DED2491415300D1EBC8 /* beethovenPianoSonata1.mp3 in Resources */ = {isa = PBXBuildFile; fileRef = CEAD9C39248BCC6300E1BDB2 /* beethovenPianoSonata1.mp3 */; };
		CE3B3DEE2491415300D1EBC8 /* beethovenSymphony2.mp3 in Resources */ = {isa = PBXBuildFile; fileRef = CEAD9C23248BCC6200E1BDB2 /* beethovenSymphony2.mp3 */; };
		CE3B3DEF2491415300D1EBC8 /* beethovenSymphony5.mp3 in Resources */ = {isa = PBXBuildFile; fileRef = CEAD9C2B248BCC6200E1BDB2 /* beethovenSymphony5.mp3 */; };
		CE3B3DF02491415300D1EBC8 /* beethovenSymphony7.mp3 in Resources */ = {isa = PBXBuildFile; fileRef = CEAD9C35248BCC6300E1BDB2 /* beethovenSymphony7.mp3 */; };
		CE3B3DF12491415300D1EBC8 /* beethovenSymphony9.mp3 in Resources */ = {isa = PBXBuildFile; fileRef = CEAD9C34248BCC6300E1BDB2 /* beethovenSymphony9.mp3 */; };
		CE3B3DF22491415300D1EBC8 /* brahmsSymphony3.mp3 in Resources */ = {isa = PBXBuildFile; fileRef = CEAD9C24248BCC6200E1BDB2 /* brahmsSymphony3.mp3 */; };
		CE3B3DF32491415300D1EBC8 /* debussyClairDeLune.mp3 in Resources */ = {isa = PBXBuildFile; fileRef = CEAD9C37248BCC6300E1BDB2 /* debussyClairDeLune.mp3 */; };
		CE3B3DF42491415300D1EBC8 /* mozartEineKleineNachtmusik.mp3 in Resources */ = {isa = PBXBuildFile; fileRef = CEAD9C29248BCC6200E1BDB2 /* mozartEineKleineNachtmusik.mp3 */; };
		CE3B3DF52491415300D1EBC8 /* mozartElviraMadigan.mp3 in Resources */ = {isa = PBXBuildFile; fileRef = CEAD9C32248BCC6300E1BDB2 /* mozartElviraMadigan.mp3 */; };
		CE3B3DF62491415300D1EBC8 /* mozartFantasia.mp3 in Resources */ = {isa = PBXBuildFile; fileRef = CEAD9C36248BCC6300E1BDB2 /* mozartFantasia.mp3 */; };
		CE3B3DF72491415300D1EBC8 /* mozartPianoConcerto20.mp3 in Resources */ = {isa = PBXBuildFile; fileRef = CEAD9C2C248BCC6300E1BDB2 /* mozartPianoConcerto20.mp3 */; };
		CE3B3DF82491415300D1EBC8 /* mozartPianoConcerto22.mp3 in Resources */ = {isa = PBXBuildFile; fileRef = CEAD9C2F248BCC6300E1BDB2 /* mozartPianoConcerto22.mp3 */; };
		CE3B3DF92491415300D1EBC8 /* mozartPianoConcerto23.mp3 in Resources */ = {isa = PBXBuildFile; fileRef = CEAD9C27248BCC6200E1BDB2 /* mozartPianoConcerto23.mp3 */; };
		CE3B3DFA2491415300D1EBC8 /* mozartPianoSonata11.mp3 in Resources */ = {isa = PBXBuildFile; fileRef = CEAD9C31248BCC6300E1BDB2 /* mozartPianoSonata11.mp3 */; };
		CE3B3DFB2491415300D1EBC8 /* mozartPrague.mp3 in Resources */ = {isa = PBXBuildFile; fileRef = CEAD9C2D248BCC6300E1BDB2 /* mozartPrague.mp3 */; };
		CE3B3DFC2491415300D1EBC8 /* mozartRequiem.mp3 in Resources */ = {isa = PBXBuildFile; fileRef = CEAD9C2E248BCC6300E1BDB2 /* mozartRequiem.mp3 */; };
		CE3B3DFD2491415300D1EBC8 /* mozartSymphony1.mp3 in Resources */ = {isa = PBXBuildFile; fileRef = CEAD9C38248BCC6300E1BDB2 /* mozartSymphony1.mp3 */; };
		CE3B3DFE2491415300D1EBC8 /* mozartSymphony40.mp3 in Resources */ = {isa = PBXBuildFile; fileRef = CEAD9C25248BCC6200E1BDB2 /* mozartSymphony40.mp3 */; };
		CE3B3DFF2491415300D1EBC8 /* satieGymnopedies.mp3 in Resources */ = {isa = PBXBuildFile; fileRef = CEAD9C30248BCC6300E1BDB2 /* satieGymnopedies.mp3 */; };
		CE3B3E012491592400D1EBC8 /* Control.swift in Sources */ = {isa = PBXBuildFile; fileRef = CE3B3E002491592400D1EBC8 /* Control.swift */; };
		CE3B3E03249159E200D1EBC8 /* Hud.swift in Sources */ = {isa = PBXBuildFile; fileRef = CE3B3E02249159E200D1EBC8 /* Hud.swift */; };
		CE3B3E0524915F5400D1EBC8 /* Current.swift in Sources */ = {isa = PBXBuildFile; fileRef = CE3B3E0424915F5400D1EBC8 /* Current.swift */; };
		CE3D1EEE24935BD50006B348 /* Scroll.swift in Sources */ = {isa = PBXBuildFile; fileRef = CE3D1EED24935BD50006B348 /* Scroll.swift */; };
		CE3D1EF024935C350006B348 /* Coverflow.swift in Sources */ = {isa = PBXBuildFile; fileRef = CE3D1EEF24935C350006B348 /* Coverflow.swift */; };
		CE3D1EF224935CCE0006B348 /* Detail.swift in Sources */ = {isa = PBXBuildFile; fileRef = CE3D1EF124935CCE0006B348 /* Detail.swift */; };
		CE3D1EF424935F830006B348 /* Separator.swift in Sources */ = {isa = PBXBuildFile; fileRef = CE3D1EF324935F830006B348 /* Separator.swift */; };
		CE48A41D24895B71004555C1 /* Session.swift in Sources */ = {isa = PBXBuildFile; fileRef = CE48A41C24895B71004555C1 /* Session.swift */; };
		CE4A60CB2490BDFA0002FE19 /* Scene.swift in Sources */ = {isa = PBXBuildFile; fileRef = CE4A60CA2490BDFA0002FE19 /* Scene.swift */; };
		CE4A60D22490BDFB0002FE19 /* Assets.xcassets in Resources */ = {isa = PBXBuildFile; fileRef = CE4A60D12490BDFB0002FE19 /* Assets.xcassets */; };
		CE4A60D52490BDFB0002FE19 /* LaunchScreen.storyboard in Resources */ = {isa = PBXBuildFile; fileRef = CE4A60D32490BDFB0002FE19 /* LaunchScreen.storyboard */; };
		CE4A60DC2490BE100002FE19 /* Balam in Frameworks */ = {isa = PBXBuildFile; productRef = CE4A60DB2490BE100002FE19 /* Balam */; };
		CE4A60DE2490BE100002FE19 /* Player in Frameworks */ = {isa = PBXBuildFile; productRef = CE4A60DD2490BE100002FE19 /* Player */; };
		CE4A60E02490C6930002FE19 /* Music.swift in Sources */ = {isa = PBXBuildFile; fileRef = CE4A60DF2490C6930002FE19 /* Music.swift */; };
		CE5981642494E6DB0056AA76 /* Interface.storyboard in Resources */ = {isa = PBXBuildFile; fileRef = CE5981622494E6DB0056AA76 /* Interface.storyboard */; };
		CE5981662494E6DC0056AA76 /* Assets.xcassets in Resources */ = {isa = PBXBuildFile; fileRef = CE5981652494E6DC0056AA76 /* Assets.xcassets */; };
		CE59816D2494E6DC0056AA76 /* Amadeus.appex in Embed App Extensions */ = {isa = PBXBuildFile; fileRef = CE59816C2494E6DC0056AA76 /* Amadeus.appex */; settings = {ATTRIBUTES = (RemoveHeadersOnCopy, ); }; };
		CE5981722494E6DC0056AA76 /* Music.swift in Sources */ = {isa = PBXBuildFile; fileRef = CE5981712494E6DC0056AA76 /* Music.swift */; };
		CE5981742494E6DC0056AA76 /* Controller.swift in Sources */ = {isa = PBXBuildFile; fileRef = CE5981732494E6DC0056AA76 /* Controller.swift */; };
		CE5981762494E6DC0056AA76 /* App.swift in Sources */ = {isa = PBXBuildFile; fileRef = CE5981752494E6DC0056AA76 /* App.swift */; };
		CE5981782494E6DC0056AA76 /* Assets.xcassets in Resources */ = {isa = PBXBuildFile; fileRef = CE5981772494E6DC0056AA76 /* Assets.xcassets */; };
		CE59817F2494E6DC0056AA76 /* Amadeus.app in Embed Watch Content */ = {isa = PBXBuildFile; fileRef = CE5981602494E6DB0056AA76 /* Amadeus.app */; settings = {ATTRIBUTES = (RemoveHeadersOnCopy, ); }; };
		CE5981892494F3AA0056AA76 /* Player in Frameworks */ = {isa = PBXBuildFile; productRef = CE5981882494F3AA0056AA76 /* Player */; };
		CEAD9C3A248BCC6300E1BDB2 /* beethovenSymphony2.mp3 in Resources */ = {isa = PBXBuildFile; fileRef = CEAD9C23248BCC6200E1BDB2 /* beethovenSymphony2.mp3 */; };
		CEAD9C3B248BCC6300E1BDB2 /* brahmsSymphony3.mp3 in Resources */ = {isa = PBXBuildFile; fileRef = CEAD9C24248BCC6200E1BDB2 /* brahmsSymphony3.mp3 */; };
		CEAD9C3C248BCC6300E1BDB2 /* mozartSymphony40.mp3 in Resources */ = {isa = PBXBuildFile; fileRef = CEAD9C25248BCC6200E1BDB2 /* mozartSymphony40.mp3 */; };
		CEAD9C3D248BCC6300E1BDB2 /* beethovenPathetique.mp3 in Resources */ = {isa = PBXBuildFile; fileRef = CEAD9C26248BCC6200E1BDB2 /* beethovenPathetique.mp3 */; };
		CEAD9C3E248BCC6300E1BDB2 /* mozartPianoConcerto23.mp3 in Resources */ = {isa = PBXBuildFile; fileRef = CEAD9C27248BCC6200E1BDB2 /* mozartPianoConcerto23.mp3 */; };
		CEAD9C3F248BCC6300E1BDB2 /* beethovenPianoConcerto3.mp3 in Resources */ = {isa = PBXBuildFile; fileRef = CEAD9C28248BCC6200E1BDB2 /* beethovenPianoConcerto3.mp3 */; };
		CEAD9C40248BCC6300E1BDB2 /* mozartEineKleineNachtmusik.mp3 in Resources */ = {isa = PBXBuildFile; fileRef = CEAD9C29248BCC6200E1BDB2 /* mozartEineKleineNachtmusik.mp3 */; };
		CEAD9C41248BCC6300E1BDB2 /* beethovenFurElise.mp3 in Resources */ = {isa = PBXBuildFile; fileRef = CEAD9C2A248BCC6200E1BDB2 /* beethovenFurElise.mp3 */; };
		CEAD9C42248BCC6300E1BDB2 /* beethovenSymphony5.mp3 in Resources */ = {isa = PBXBuildFile; fileRef = CEAD9C2B248BCC6200E1BDB2 /* beethovenSymphony5.mp3 */; };
		CEAD9C43248BCC6300E1BDB2 /* mozartPianoConcerto20.mp3 in Resources */ = {isa = PBXBuildFile; fileRef = CEAD9C2C248BCC6300E1BDB2 /* mozartPianoConcerto20.mp3 */; };
		CEAD9C44248BCC6300E1BDB2 /* mozartPrague.mp3 in Resources */ = {isa = PBXBuildFile; fileRef = CEAD9C2D248BCC6300E1BDB2 /* mozartPrague.mp3 */; };
		CEAD9C45248BCC6300E1BDB2 /* mozartRequiem.mp3 in Resources */ = {isa = PBXBuildFile; fileRef = CEAD9C2E248BCC6300E1BDB2 /* mozartRequiem.mp3 */; };
		CEAD9C46248BCC6300E1BDB2 /* mozartPianoConcerto22.mp3 in Resources */ = {isa = PBXBuildFile; fileRef = CEAD9C2F248BCC6300E1BDB2 /* mozartPianoConcerto22.mp3 */; };
		CEAD9C47248BCC6300E1BDB2 /* satieGymnopedies.mp3 in Resources */ = {isa = PBXBuildFile; fileRef = CEAD9C30248BCC6300E1BDB2 /* satieGymnopedies.mp3 */; };
		CEAD9C48248BCC6300E1BDB2 /* mozartPianoSonata11.mp3 in Resources */ = {isa = PBXBuildFile; fileRef = CEAD9C31248BCC6300E1BDB2 /* mozartPianoSonata11.mp3 */; };
		CEAD9C49248BCC6300E1BDB2 /* mozartElviraMadigan.mp3 in Resources */ = {isa = PBXBuildFile; fileRef = CEAD9C32248BCC6300E1BDB2 /* mozartElviraMadigan.mp3 */; };
		CEAD9C4A248BCC6300E1BDB2 /* beethovenMoonlightSonata.mp3 in Resources */ = {isa = PBXBuildFile; fileRef = CEAD9C33248BCC6300E1BDB2 /* beethovenMoonlightSonata.mp3 */; };
		CEAD9C4B248BCC6300E1BDB2 /* beethovenSymphony9.mp3 in Resources */ = {isa = PBXBuildFile; fileRef = CEAD9C34248BCC6300E1BDB2 /* beethovenSymphony9.mp3 */; };
		CEAD9C4C248BCC6300E1BDB2 /* beethovenSymphony7.mp3 in Resources */ = {isa = PBXBuildFile; fileRef = CEAD9C35248BCC6300E1BDB2 /* beethovenSymphony7.mp3 */; };
		CEAD9C4D248BCC6300E1BDB2 /* mozartFantasia.mp3 in Resources */ = {isa = PBXBuildFile; fileRef = CEAD9C36248BCC6300E1BDB2 /* mozartFantasia.mp3 */; };
		CEAD9C4E248BCC6300E1BDB2 /* debussyClairDeLune.mp3 in Resources */ = {isa = PBXBuildFile; fileRef = CEAD9C37248BCC6300E1BDB2 /* debussyClairDeLune.mp3 */; };
		CEAD9C4F248BCC6300E1BDB2 /* mozartSymphony1.mp3 in Resources */ = {isa = PBXBuildFile; fileRef = CEAD9C38248BCC6300E1BDB2 /* mozartSymphony1.mp3 */; };
		CEAD9C50248BCC6300E1BDB2 /* beethovenPianoSonata1.mp3 in Resources */ = {isa = PBXBuildFile; fileRef = CEAD9C39248BCC6300E1BDB2 /* beethovenPianoSonata1.mp3 */; };
		CEB55D3C248A3073002CDB8A /* Settings.swift in Sources */ = {isa = PBXBuildFile; fileRef = CEB55D3B248A3073002CDB8A /* Settings.swift */; };
		CEC4232A249A7E8000D58072 /* Status.swift in Sources */ = {isa = PBXBuildFile; fileRef = CEC42329249A7E8000D58072 /* Status.swift */; };
		CEC4232C249A80FC00D58072 /* Current.swift in Sources */ = {isa = PBXBuildFile; fileRef = CEC4232B249A80FC00D58072 /* Current.swift */; };
		CEEA688E2483B6B400716620 /* Menu.swift in Sources */ = {isa = PBXBuildFile; fileRef = CEEA688D2483B6B400716620 /* Menu.swift */; };
		CEEA68902483B6DA00716620 /* String.swift in Sources */ = {isa = PBXBuildFile; fileRef = CEEA688F2483B6DA00716620 /* String.swift */; };
		CEEA68932483B75600716620 /* Localizable.strings in Resources */ = {isa = PBXBuildFile; fileRef = CEEA68912483B75600716620 /* Localizable.strings */; };
		CEEA68972483B8B700716620 /* Bar.swift in Sources */ = {isa = PBXBuildFile; fileRef = CEEA68962483B8B700716620 /* Bar.swift */; };
		CEEA68992483BB1800716620 /* Separator.swift in Sources */ = {isa = PBXBuildFile; fileRef = CEEA68982483BB1800716620 /* Separator.swift */; };
		CEEA689D2483CCA700716620 /* Control.swift in Sources */ = {isa = PBXBuildFile; fileRef = CEEA689C2483CCA700716620 /* Control.swift */; };
		CEEA689F2483CF0F00716620 /* Label.swift in Sources */ = {isa = PBXBuildFile; fileRef = CEEA689E2483CF0F00716620 /* Label.swift */; };
		CEEA68A12483CFAF00716620 /* Font.swift in Sources */ = {isa = PBXBuildFile; fileRef = CEEA68A02483CFAF00716620 /* Font.swift */; };
		CEEA68A52483DB6800716620 /* Scroll.swift in Sources */ = {isa = PBXBuildFile; fileRef = CEEA68A42483DB6800716620 /* Scroll.swift */; };
		CEF9B29E248275BB009FEF9B /* App.swift in Sources */ = {isa = PBXBuildFile; fileRef = CEF9B29D248275BB009FEF9B /* App.swift */; };
		CEF9B2A2248275BC009FEF9B /* Assets.xcassets in Resources */ = {isa = PBXBuildFile; fileRef = CEF9B2A1248275BC009FEF9B /* Assets.xcassets */; };
		CEF9B2AC24827C08009FEF9B /* Music.swift in Sources */ = {isa = PBXBuildFile; fileRef = CEF9B2AB24827C08009FEF9B /* Music.swift */; };
		CEF9B2B224827F8A009FEF9B /* Balam in Frameworks */ = {isa = PBXBuildFile; productRef = CEF9B2B124827F8A009FEF9B /* Balam */; };
/* End PBXBuildFile section */

/* Begin PBXContainerItemProxy section */
		CE59816E2494E6DC0056AA76 /* PBXContainerItemProxy */ = {
			isa = PBXContainerItemProxy;
			containerPortal = CEC3ABB22482742E0069DBC3 /* Project object */;
			proxyType = 1;
			remoteGlobalIDString = CE59816B2494E6DC0056AA76;
			remoteInfo = "watchOS Extension";
		};
		CE59817D2494E6DC0056AA76 /* PBXContainerItemProxy */ = {
			isa = PBXContainerItemProxy;
			containerPortal = CEC3ABB22482742E0069DBC3 /* Project object */;
			proxyType = 1;
			remoteGlobalIDString = CE59815F2494E6DB0056AA76;
			remoteInfo = watchOS;
		};
/* End PBXContainerItemProxy section */

/* Begin PBXCopyFilesBuildPhase section */
		CE5981802494E6DC0056AA76 /* Embed Watch Content */ = {
			isa = PBXCopyFilesBuildPhase;
			buildActionMask = 2147483647;
			dstPath = "$(CONTENTS_FOLDER_PATH)/Watch";
			dstSubfolderSpec = 16;
			files = (
				CE59817F2494E6DC0056AA76 /* Amadeus.app in Embed Watch Content */,
			);
			name = "Embed Watch Content";
			runOnlyForDeploymentPostprocessing = 0;
		};
		CE5981832494E6DC0056AA76 /* Embed App Extensions */ = {
			isa = PBXCopyFilesBuildPhase;
			buildActionMask = 2147483647;
			dstPath = "";
			dstSubfolderSpec = 13;
			files = (
				CE59816D2494E6DC0056AA76 /* Amadeus.appex in Embed App Extensions */,
			);
			name = "Embed App Extensions";
			runOnlyForDeploymentPostprocessing = 0;
		};
/* End PBXCopyFilesBuildPhase section */

/* Begin PBXFileReference section */
		CE04366724853C1F003841CA /* Coverflow.swift */ = {isa = PBXFileReference; lastKnownFileType = sourcecode.swift; path = Coverflow.swift; sourceTree = "<group>"; };
		CE04366B24855918003841CA /* Media.xcassets */ = {isa = PBXFileReference; lastKnownFileType = folder.assetcatalog; path = Media.xcassets; sourceTree = "<group>"; };
		CE04366F2485667F003841CA /* Detail.swift */ = {isa = PBXFileReference; lastKnownFileType = sourcecode.swift; path = Detail.swift; sourceTree = "<group>"; };
		CE0CA13224964CF3002E4410 /* Controls.swift */ = {isa = PBXFileReference; lastKnownFileType = sourcecode.swift; path = Controls.swift; sourceTree = "<group>"; };
		CE0CA13424966494002E4410 /* Session.swift */ = {isa = PBXFileReference; lastKnownFileType = sourcecode.swift; path = Session.swift; sourceTree = "<group>"; };
		CE0CA1362496785B002E4410 /* App.swift */ = {isa = PBXFileReference; lastKnownFileType = sourcecode.swift; path = App.swift; sourceTree = "<group>"; };
		CE31B7652493AF8F003FEF67 /* Store.swift */ = {isa = PBXFileReference; lastKnownFileType = sourcecode.swift; path = Store.swift; sourceTree = "<group>"; };
		CE31B7672493C3B1003FEF67 /* Settings.swift */ = {isa = PBXFileReference; lastKnownFileType = sourcecode.swift; path = Settings.swift; sourceTree = "<group>"; };
		CE31B7692493D881003FEF67 /* Close.swift */ = {isa = PBXFileReference; lastKnownFileType = sourcecode.swift; path = Close.swift; sourceTree = "<group>"; };
		CE31B76B2493D8B7003FEF67 /* UIViewController.swift */ = {isa = PBXFileReference; lastKnownFileType = sourcecode.swift; path = UIViewController.swift; sourceTree = "<group>"; };
		CE3B0A37248EA68400A810E0 /* Store.swift */ = {isa = PBXFileReference; lastKnownFileType = sourcecode.swift; path = Store.swift; sourceTree = "<group>"; };
		CE3B0A39248EB17F00A810E0 /* Purchases.swift */ = {isa = PBXFileReference; lastKnownFileType = sourcecode.swift; path = Purchases.swift; sourceTree = "<group>"; };
		CE3B3DDE2491342000D1EBC8 /* Bar.swift */ = {isa = PBXFileReference; lastKnownFileType = sourcecode.swift; path = Bar.swift; sourceTree = "<group>"; };
		CE3B3E002491592400D1EBC8 /* Control.swift */ = {isa = PBXFileReference; lastKnownFileType = sourcecode.swift; path = Control.swift; sourceTree = "<group>"; };
		CE3B3E02249159E200D1EBC8 /* Hud.swift */ = {isa = PBXFileReference; lastKnownFileType = sourcecode.swift; path = Hud.swift; sourceTree = "<group>"; };
		CE3B3E0424915F5400D1EBC8 /* Current.swift */ = {isa = PBXFileReference; lastKnownFileType = sourcecode.swift; path = Current.swift; sourceTree = "<group>"; };
		CE3D1EED24935BD50006B348 /* Scroll.swift */ = {isa = PBXFileReference; lastKnownFileType = sourcecode.swift; path = Scroll.swift; sourceTree = "<group>"; };
		CE3D1EEF24935C350006B348 /* Coverflow.swift */ = {isa = PBXFileReference; lastKnownFileType = sourcecode.swift; path = Coverflow.swift; sourceTree = "<group>"; };
		CE3D1EF124935CCE0006B348 /* Detail.swift */ = {isa = PBXFileReference; lastKnownFileType = sourcecode.swift; path = Detail.swift; sourceTree = "<group>"; };
		CE3D1EF324935F830006B348 /* Separator.swift */ = {isa = PBXFileReference; lastKnownFileType = sourcecode.swift; path = Separator.swift; sourceTree = "<group>"; };
		CE48A41C24895B71004555C1 /* Session.swift */ = {isa = PBXFileReference; lastKnownFileType = sourcecode.swift; path = Session.swift; sourceTree = "<group>"; };
		CE4A60C62490BDFA0002FE19 /* Amadeus.app */ = {isa = PBXFileReference; explicitFileType = wrapper.application; includeInIndex = 0; path = Amadeus.app; sourceTree = BUILT_PRODUCTS_DIR; };
		CE4A60CA2490BDFA0002FE19 /* Scene.swift */ = {isa = PBXFileReference; lastKnownFileType = sourcecode.swift; path = Scene.swift; sourceTree = "<group>"; };
		CE4A60D12490BDFB0002FE19 /* Assets.xcassets */ = {isa = PBXFileReference; lastKnownFileType = folder.assetcatalog; path = Assets.xcassets; sourceTree = "<group>"; };
		CE4A60D42490BDFB0002FE19 /* Base */ = {isa = PBXFileReference; lastKnownFileType = file.storyboard; name = Base; path = Base.lproj/LaunchScreen.storyboard; sourceTree = "<group>"; };
		CE4A60D62490BDFB0002FE19 /* Info.plist */ = {isa = PBXFileReference; lastKnownFileType = text.plist.xml; path = Info.plist; sourceTree = "<group>"; };
		CE4A60DF2490C6930002FE19 /* Music.swift */ = {isa = PBXFileReference; lastKnownFileType = sourcecode.swift; path = Music.swift; sourceTree = "<group>"; };
		CE5981602494E6DB0056AA76 /* Amadeus.app */ = {isa = PBXFileReference; explicitFileType = wrapper.application; includeInIndex = 0; path = Amadeus.app; sourceTree = BUILT_PRODUCTS_DIR; };
		CE5981632494E6DB0056AA76 /* Base */ = {isa = PBXFileReference; lastKnownFileType = file.storyboard; name = Base; path = Base.lproj/Interface.storyboard; sourceTree = "<group>"; };
		CE5981652494E6DC0056AA76 /* Assets.xcassets */ = {isa = PBXFileReference; lastKnownFileType = folder.assetcatalog; path = Assets.xcassets; sourceTree = "<group>"; };
		CE5981672494E6DC0056AA76 /* Info.plist */ = {isa = PBXFileReference; lastKnownFileType = text.plist.xml; path = Info.plist; sourceTree = "<group>"; };
		CE59816C2494E6DC0056AA76 /* Amadeus.appex */ = {isa = PBXFileReference; explicitFileType = "wrapper.app-extension"; includeInIndex = 0; path = Amadeus.appex; sourceTree = BUILT_PRODUCTS_DIR; };
		CE5981712494E6DC0056AA76 /* Music.swift */ = {isa = PBXFileReference; lastKnownFileType = sourcecode.swift; path = Music.swift; sourceTree = "<group>"; };
		CE5981732494E6DC0056AA76 /* Controller.swift */ = {isa = PBXFileReference; lastKnownFileType = sourcecode.swift; path = Controller.swift; sourceTree = "<group>"; };
		CE5981752494E6DC0056AA76 /* App.swift */ = {isa = PBXFileReference; lastKnownFileType = sourcecode.swift; path = App.swift; sourceTree = "<group>"; };
		CE5981772494E6DC0056AA76 /* Assets.xcassets */ = {isa = PBXFileReference; lastKnownFileType = folder.assetcatalog; path = Assets.xcassets; sourceTree = "<group>"; };
		CE59817C2494E6DC0056AA76 /* Info.plist */ = {isa = PBXFileReference; lastKnownFileType = text.plist.xml; path = Info.plist; sourceTree = "<group>"; };
		CEAD9C23248BCC6200E1BDB2 /* beethovenSymphony2.mp3 */ = {isa = PBXFileReference; lastKnownFileType = audio.mp3; path = beethovenSymphony2.mp3; sourceTree = "<group>"; };
		CEAD9C24248BCC6200E1BDB2 /* brahmsSymphony3.mp3 */ = {isa = PBXFileReference; lastKnownFileType = audio.mp3; path = brahmsSymphony3.mp3; sourceTree = "<group>"; };
		CEAD9C25248BCC6200E1BDB2 /* mozartSymphony40.mp3 */ = {isa = PBXFileReference; lastKnownFileType = audio.mp3; path = mozartSymphony40.mp3; sourceTree = "<group>"; };
		CEAD9C26248BCC6200E1BDB2 /* beethovenPathetique.mp3 */ = {isa = PBXFileReference; lastKnownFileType = audio.mp3; path = beethovenPathetique.mp3; sourceTree = "<group>"; };
		CEAD9C27248BCC6200E1BDB2 /* mozartPianoConcerto23.mp3 */ = {isa = PBXFileReference; lastKnownFileType = audio.mp3; path = mozartPianoConcerto23.mp3; sourceTree = "<group>"; };
		CEAD9C28248BCC6200E1BDB2 /* beethovenPianoConcerto3.mp3 */ = {isa = PBXFileReference; lastKnownFileType = audio.mp3; path = beethovenPianoConcerto3.mp3; sourceTree = "<group>"; };
		CEAD9C29248BCC6200E1BDB2 /* mozartEineKleineNachtmusik.mp3 */ = {isa = PBXFileReference; lastKnownFileType = audio.mp3; path = mozartEineKleineNachtmusik.mp3; sourceTree = "<group>"; };
		CEAD9C2A248BCC6200E1BDB2 /* beethovenFurElise.mp3 */ = {isa = PBXFileReference; lastKnownFileType = audio.mp3; path = beethovenFurElise.mp3; sourceTree = "<group>"; };
		CEAD9C2B248BCC6200E1BDB2 /* beethovenSymphony5.mp3 */ = {isa = PBXFileReference; lastKnownFileType = audio.mp3; path = beethovenSymphony5.mp3; sourceTree = "<group>"; };
		CEAD9C2C248BCC6300E1BDB2 /* mozartPianoConcerto20.mp3 */ = {isa = PBXFileReference; lastKnownFileType = audio.mp3; path = mozartPianoConcerto20.mp3; sourceTree = "<group>"; };
		CEAD9C2D248BCC6300E1BDB2 /* mozartPrague.mp3 */ = {isa = PBXFileReference; lastKnownFileType = audio.mp3; path = mozartPrague.mp3; sourceTree = "<group>"; };
		CEAD9C2E248BCC6300E1BDB2 /* mozartRequiem.mp3 */ = {isa = PBXFileReference; lastKnownFileType = audio.mp3; path = mozartRequiem.mp3; sourceTree = "<group>"; };
		CEAD9C2F248BCC6300E1BDB2 /* mozartPianoConcerto22.mp3 */ = {isa = PBXFileReference; lastKnownFileType = audio.mp3; path = mozartPianoConcerto22.mp3; sourceTree = "<group>"; };
		CEAD9C30248BCC6300E1BDB2 /* satieGymnopedies.mp3 */ = {isa = PBXFileReference; lastKnownFileType = audio.mp3; path = satieGymnopedies.mp3; sourceTree = "<group>"; };
		CEAD9C31248BCC6300E1BDB2 /* mozartPianoSonata11.mp3 */ = {isa = PBXFileReference; lastKnownFileType = audio.mp3; path = mozartPianoSonata11.mp3; sourceTree = "<group>"; };
		CEAD9C32248BCC6300E1BDB2 /* mozartElviraMadigan.mp3 */ = {isa = PBXFileReference; lastKnownFileType = audio.mp3; path = mozartElviraMadigan.mp3; sourceTree = "<group>"; };
		CEAD9C33248BCC6300E1BDB2 /* beethovenMoonlightSonata.mp3 */ = {isa = PBXFileReference; lastKnownFileType = audio.mp3; path = beethovenMoonlightSonata.mp3; sourceTree = "<group>"; };
		CEAD9C34248BCC6300E1BDB2 /* beethovenSymphony9.mp3 */ = {isa = PBXFileReference; lastKnownFileType = audio.mp3; path = beethovenSymphony9.mp3; sourceTree = "<group>"; };
		CEAD9C35248BCC6300E1BDB2 /* beethovenSymphony7.mp3 */ = {isa = PBXFileReference; lastKnownFileType = audio.mp3; path = beethovenSymphony7.mp3; sourceTree = "<group>"; };
		CEAD9C36248BCC6300E1BDB2 /* mozartFantasia.mp3 */ = {isa = PBXFileReference; lastKnownFileType = audio.mp3; path = mozartFantasia.mp3; sourceTree = "<group>"; };
		CEAD9C37248BCC6300E1BDB2 /* debussyClairDeLune.mp3 */ = {isa = PBXFileReference; lastKnownFileType = audio.mp3; path = debussyClairDeLune.mp3; sourceTree = "<group>"; };
		CEAD9C38248BCC6300E1BDB2 /* mozartSymphony1.mp3 */ = {isa = PBXFileReference; lastKnownFileType = audio.mp3; path = mozartSymphony1.mp3; sourceTree = "<group>"; };
		CEAD9C39248BCC6300E1BDB2 /* beethovenPianoSonata1.mp3 */ = {isa = PBXFileReference; lastKnownFileType = audio.mp3; path = beethovenPianoSonata1.mp3; sourceTree = "<group>"; };
		CEB55D3B248A3073002CDB8A /* Settings.swift */ = {isa = PBXFileReference; lastKnownFileType = sourcecode.swift; path = Settings.swift; sourceTree = "<group>"; };
		CEC42329249A7E8000D58072 /* Status.swift */ = {isa = PBXFileReference; lastKnownFileType = sourcecode.swift; path = Status.swift; sourceTree = "<group>"; };
		CEC4232B249A80FC00D58072 /* Current.swift */ = {isa = PBXFileReference; lastKnownFileType = sourcecode.swift; path = Current.swift; sourceTree = "<group>"; };
		CEEA688D2483B6B400716620 /* Menu.swift */ = {isa = PBXFileReference; lastKnownFileType = sourcecode.swift; path = Menu.swift; sourceTree = "<group>"; };
		CEEA688F2483B6DA00716620 /* String.swift */ = {isa = PBXFileReference; lastKnownFileType = sourcecode.swift; path = String.swift; sourceTree = "<group>"; };
		CEEA68922483B75600716620 /* Base */ = {isa = PBXFileReference; lastKnownFileType = text.plist.strings; name = Base; path = Base.lproj/Localizable.strings; sourceTree = "<group>"; };
		CEEA68962483B8B700716620 /* Bar.swift */ = {isa = PBXFileReference; lastKnownFileType = sourcecode.swift; path = Bar.swift; sourceTree = "<group>"; };
		CEEA68982483BB1800716620 /* Separator.swift */ = {isa = PBXFileReference; lastKnownFileType = sourcecode.swift; path = Separator.swift; sourceTree = "<group>"; };
		CEEA689C2483CCA700716620 /* Control.swift */ = {isa = PBXFileReference; lastKnownFileType = sourcecode.swift; path = Control.swift; sourceTree = "<group>"; };
		CEEA689E2483CF0F00716620 /* Label.swift */ = {isa = PBXFileReference; lastKnownFileType = sourcecode.swift; path = Label.swift; sourceTree = "<group>"; };
		CEEA68A02483CFAF00716620 /* Font.swift */ = {isa = PBXFileReference; lastKnownFileType = sourcecode.swift; path = Font.swift; sourceTree = "<group>"; };
		CEEA68A42483DB6800716620 /* Scroll.swift */ = {isa = PBXFileReference; lastKnownFileType = sourcecode.swift; path = Scroll.swift; sourceTree = "<group>"; };
		CEF9B29A248275BB009FEF9B /* Amadeus.app */ = {isa = PBXFileReference; explicitFileType = wrapper.application; includeInIndex = 0; path = Amadeus.app; sourceTree = BUILT_PRODUCTS_DIR; };
		CEF9B29D248275BB009FEF9B /* App.swift */ = {isa = PBXFileReference; lastKnownFileType = sourcecode.swift; path = App.swift; sourceTree = "<group>"; };
		CEF9B2A1248275BC009FEF9B /* Assets.xcassets */ = {isa = PBXFileReference; lastKnownFileType = folder.assetcatalog; path = Assets.xcassets; sourceTree = "<group>"; };
		CEF9B2A6248275BC009FEF9B /* Info.plist */ = {isa = PBXFileReference; lastKnownFileType = text.plist.xml; path = Info.plist; sourceTree = "<group>"; };
		CEF9B2A7248275BC009FEF9B /* macOS.entitlements */ = {isa = PBXFileReference; lastKnownFileType = text.plist.entitlements; path = macOS.entitlements; sourceTree = "<group>"; };
		CEF9B2AB24827C08009FEF9B /* Music.swift */ = {isa = PBXFileReference; lastKnownFileType = sourcecode.swift; path = Music.swift; sourceTree = "<group>"; };
		CEF9B2AD24827ED8009FEF9B /* LICENSE */ = {isa = PBXFileReference; lastKnownFileType = text; path = LICENSE; sourceTree = "<group>"; };
		CEF9B2AE24827ED8009FEF9B /* .gitignore */ = {isa = PBXFileReference; lastKnownFileType = text; path = .gitignore; sourceTree = "<group>"; };
		CEF9B2AF24827ED8009FEF9B /* README.md */ = {isa = PBXFileReference; lastKnownFileType = net.daringfireball.markdown; path = README.md; sourceTree = "<group>"; };
/* End PBXFileReference section */

/* Begin PBXFrameworksBuildPhase section */
		CE4A60C32490BDFA0002FE19 /* Frameworks */ = {
			isa = PBXFrameworksBuildPhase;
			buildActionMask = 2147483647;
			files = (
				CE4A60DC2490BE100002FE19 /* Balam in Frameworks */,
				CE4A60DE2490BE100002FE19 /* Player in Frameworks */,
			);
			runOnlyForDeploymentPostprocessing = 0;
		};
		CE5981692494E6DC0056AA76 /* Frameworks */ = {
			isa = PBXFrameworksBuildPhase;
			buildActionMask = 2147483647;
			files = (
				CE5981892494F3AA0056AA76 /* Player in Frameworks */,
			);
			runOnlyForDeploymentPostprocessing = 0;
		};
		CEF9B297248275BB009FEF9B /* Frameworks */ = {
			isa = PBXFrameworksBuildPhase;
			buildActionMask = 2147483647;
			files = (
				CEF9B2B224827F8A009FEF9B /* Balam in Frameworks */,
				CE1D719D248D246B004D37F3 /* Player in Frameworks */,
			);
			runOnlyForDeploymentPostprocessing = 0;
		};
/* End PBXFrameworksBuildPhase section */

/* Begin PBXGroup section */
		CE4A60C72490BDFA0002FE19 /* iOS */ = {
			isa = PBXGroup;
			children = (
				CE4A60D62490BDFB0002FE19 /* Info.plist */,
				CE0CA1362496785B002E4410 /* App.swift */,
				CE3B3DDE2491342000D1EBC8 /* Bar.swift */,
				CE31B7692493D881003FEF67 /* Close.swift */,
				CE3B3E002491592400D1EBC8 /* Control.swift */,
				CE3D1EEF24935C350006B348 /* Coverflow.swift */,
				CE3B3E0424915F5400D1EBC8 /* Current.swift */,
				CE3D1EF124935CCE0006B348 /* Detail.swift */,
				CE3B3E02249159E200D1EBC8 /* Hud.swift */,
				CE4A60DF2490C6930002FE19 /* Music.swift */,
				CE4A60CA2490BDFA0002FE19 /* Scene.swift */,
				CE3D1EED24935BD50006B348 /* Scroll.swift */,
				CE3D1EF324935F830006B348 /* Separator.swift */,
				CE31B7672493C3B1003FEF67 /* Settings.swift */,
				CE31B7652493AF8F003FEF67 /* Store.swift */,
				CE31B76B2493D8B7003FEF67 /* UIViewController.swift */,
				CE4A60D12490BDFB0002FE19 /* Assets.xcassets */,
				CE4A60D32490BDFB0002FE19 /* LaunchScreen.storyboard */,
			);
			path = iOS;
			sourceTree = "<group>";
		};
		CE4A60DA2490BE100002FE19 /* Frameworks */ = {
			isa = PBXGroup;
			children = (
			);
			name = Frameworks;
			sourceTree = "<group>";
		};
		CE5981612494E6DB0056AA76 /* watchOS */ = {
			isa = PBXGroup;
			children = (
				CE5981672494E6DC0056AA76 /* Info.plist */,
				CE5981652494E6DC0056AA76 /* Assets.xcassets */,
				CE5981622494E6DB0056AA76 /* Interface.storyboard */,
			);
			path = watchOS;
			sourceTree = "<group>";
		};
		CE5981702494E6DC0056AA76 /* watchOS Extension */ = {
			isa = PBXGroup;
			children = (
				CE59817C2494E6DC0056AA76 /* Info.plist */,
				CE5981752494E6DC0056AA76 /* App.swift */,
				CE5981732494E6DC0056AA76 /* Controller.swift */,
				CE0CA13224964CF3002E4410 /* Controls.swift */,
				CE5981712494E6DC0056AA76 /* Music.swift */,
				CE0CA13424966494002E4410 /* Session.swift */,
				CE5981772494E6DC0056AA76 /* Assets.xcassets */,
			);
			path = "watchOS Extension";
			sourceTree = "<group>";
		};
		CEB6E66D24881998006C9C47 /* Tracks */ = {
			isa = PBXGroup;
			children = (
				CEAD9C2A248BCC6200E1BDB2 /* beethovenFurElise.mp3 */,
				CEAD9C33248BCC6300E1BDB2 /* beethovenMoonlightSonata.mp3 */,
				CEAD9C26248BCC6200E1BDB2 /* beethovenPathetique.mp3 */,
				CEAD9C28248BCC6200E1BDB2 /* beethovenPianoConcerto3.mp3 */,
				CEAD9C39248BCC6300E1BDB2 /* beethovenPianoSonata1.mp3 */,
				CEAD9C23248BCC6200E1BDB2 /* beethovenSymphony2.mp3 */,
				CEAD9C2B248BCC6200E1BDB2 /* beethovenSymphony5.mp3 */,
				CEAD9C35248BCC6300E1BDB2 /* beethovenSymphony7.mp3 */,
				CEAD9C34248BCC6300E1BDB2 /* beethovenSymphony9.mp3 */,
				CEAD9C24248BCC6200E1BDB2 /* brahmsSymphony3.mp3 */,
				CEAD9C37248BCC6300E1BDB2 /* debussyClairDeLune.mp3 */,
				CEAD9C29248BCC6200E1BDB2 /* mozartEineKleineNachtmusik.mp3 */,
				CEAD9C32248BCC6300E1BDB2 /* mozartElviraMadigan.mp3 */,
				CEAD9C36248BCC6300E1BDB2 /* mozartFantasia.mp3 */,
				CEAD9C2C248BCC6300E1BDB2 /* mozartPianoConcerto20.mp3 */,
				CEAD9C2F248BCC6300E1BDB2 /* mozartPianoConcerto22.mp3 */,
				CEAD9C27248BCC6200E1BDB2 /* mozartPianoConcerto23.mp3 */,
				CEAD9C31248BCC6300E1BDB2 /* mozartPianoSonata11.mp3 */,
				CEAD9C2D248BCC6300E1BDB2 /* mozartPrague.mp3 */,
				CEAD9C2E248BCC6300E1BDB2 /* mozartRequiem.mp3 */,
				CEAD9C38248BCC6300E1BDB2 /* mozartSymphony1.mp3 */,
				CEAD9C25248BCC6200E1BDB2 /* mozartSymphony40.mp3 */,
				CEAD9C30248BCC6300E1BDB2 /* satieGymnopedies.mp3 */,
			);
			path = Tracks;
			sourceTree = "<group>";
		};
		CEC3ABB12482742E0069DBC3 = {
			isa = PBXGroup;
			children = (
				CEF9B2AE24827ED8009FEF9B /* .gitignore */,
				CEF9B2AD24827ED8009FEF9B /* LICENSE */,
				CEF9B2AF24827ED8009FEF9B /* README.md */,
				CE4A60DA2490BE100002FE19 /* Frameworks */,
				CE4A60C72490BDFA0002FE19 /* iOS */,
				CEF9B29C248275BB009FEF9B /* macOS */,
				CEF9B29B248275BB009FEF9B /* Products */,
				CEF9B2B324827F9C009FEF9B /* Shared */,
				CEB6E66D24881998006C9C47 /* Tracks */,
				CE5981612494E6DB0056AA76 /* watchOS */,
				CE5981702494E6DC0056AA76 /* watchOS Extension */,
			);
			sourceTree = "<group>";
		};
		CEF9B29B248275BB009FEF9B /* Products */ = {
			isa = PBXGroup;
			children = (
				CEF9B29A248275BB009FEF9B /* Amadeus.app */,
				CE4A60C62490BDFA0002FE19 /* Amadeus.app */,
				CE5981602494E6DB0056AA76 /* Amadeus.app */,
				CE59816C2494E6DC0056AA76 /* Amadeus.appex */,
			);
			name = Products;
			sourceTree = "<group>";
		};
		CEF9B29C248275BB009FEF9B /* macOS */ = {
			isa = PBXGroup;
			children = (
				CEF9B2A7248275BC009FEF9B /* macOS.entitlements */,
				CEF9B2A6248275BC009FEF9B /* Info.plist */,
				CEF9B29D248275BB009FEF9B /* App.swift */,
				CEEA68962483B8B700716620 /* Bar.swift */,
				CEEA689C2483CCA700716620 /* Control.swift */,
				CE04366724853C1F003841CA /* Coverflow.swift */,
				CEC4232B249A80FC00D58072 /* Current.swift */,
				CE04366F2485667F003841CA /* Detail.swift */,
				CEEA689E2483CF0F00716620 /* Label.swift */,
				CEEA688D2483B6B400716620 /* Menu.swift */,
				CEF9B2AB24827C08009FEF9B /* Music.swift */,
				CEEA68A42483DB6800716620 /* Scroll.swift */,
				CEEA68982483BB1800716620 /* Separator.swift */,
				CEB55D3B248A3073002CDB8A /* Settings.swift */,
				CEC42329249A7E8000D58072 /* Status.swift */,
				CE3B0A37248EA68400A810E0 /* Store.swift */,
				CEF9B2A1248275BC009FEF9B /* Assets.xcassets */,
			);
			path = macOS;
			sourceTree = "<group>";
		};
		CEF9B2B324827F9C009FEF9B /* Shared */ = {
			isa = PBXGroup;
			children = (
				CEEA68A02483CFAF00716620 /* Font.swift */,
				CE3B0A39248EB17F00A810E0 /* Purchases.swift */,
				CE48A41C24895B71004555C1 /* Session.swift */,
				CEEA688F2483B6DA00716620 /* String.swift */,
				CE04366B24855918003841CA /* Media.xcassets */,
				CEEA68912483B75600716620 /* Localizable.strings */,
			);
			path = Shared;
			sourceTree = "<group>";
		};
/* End PBXGroup section */

/* Begin PBXNativeTarget section */
		CE4A60C52490BDFA0002FE19 /* iOS */ = {
			isa = PBXNativeTarget;
			buildConfigurationList = CE4A60D92490BDFB0002FE19 /* Build configuration list for PBXNativeTarget "iOS" */;
			buildPhases = (
				CE4A60C22490BDFA0002FE19 /* Sources */,
				CE4A60C32490BDFA0002FE19 /* Frameworks */,
				CE4A60C42490BDFA0002FE19 /* Resources */,
				CE5981802494E6DC0056AA76 /* Embed Watch Content */,
			);
			buildRules = (
			);
			dependencies = (
				CE59817E2494E6DC0056AA76 /* PBXTargetDependency */,
			);
			name = iOS;
			packageProductDependencies = (
				CE4A60DB2490BE100002FE19 /* Balam */,
				CE4A60DD2490BE100002FE19 /* Player */,
			);
			productName = iOS;
			productReference = CE4A60C62490BDFA0002FE19 /* Amadeus.app */;
			productType = "com.apple.product-type.application";
		};
		CE59815F2494E6DB0056AA76 /* watchOS */ = {
			isa = PBXNativeTarget;
			buildConfigurationList = CE5981872494E6DC0056AA76 /* Build configuration list for PBXNativeTarget "watchOS" */;
			buildPhases = (
				CE59815E2494E6DB0056AA76 /* Resources */,
				CE5981832494E6DC0056AA76 /* Embed App Extensions */,
			);
			buildRules = (
			);
			dependencies = (
				CE59816F2494E6DC0056AA76 /* PBXTargetDependency */,
			);
			name = watchOS;
			productName = watchOS;
			productReference = CE5981602494E6DB0056AA76 /* Amadeus.app */;
			productType = "com.apple.product-type.application.watchapp2";
		};
		CE59816B2494E6DC0056AA76 /* watchOS Extension */ = {
			isa = PBXNativeTarget;
			buildConfigurationList = CE5981862494E6DC0056AA76 /* Build configuration list for PBXNativeTarget "watchOS Extension" */;
			buildPhases = (
				CE5981682494E6DC0056AA76 /* Sources */,
				CE5981692494E6DC0056AA76 /* Frameworks */,
				CE59816A2494E6DC0056AA76 /* Resources */,
			);
			buildRules = (
			);
			dependencies = (
			);
			name = "watchOS Extension";
			packageProductDependencies = (
				CE5981882494F3AA0056AA76 /* Player */,
			);
			productName = "watchOS Extension";
			productReference = CE59816C2494E6DC0056AA76 /* Amadeus.appex */;
			productType = "com.apple.product-type.watchkit2-extension";
		};
		CEF9B299248275BB009FEF9B /* macOS */ = {
			isa = PBXNativeTarget;
			buildConfigurationList = CEF9B2AA248275BC009FEF9B /* Build configuration list for PBXNativeTarget "macOS" */;
			buildPhases = (
				CEF9B296248275BB009FEF9B /* Sources */,
				CEF9B297248275BB009FEF9B /* Frameworks */,
				CEF9B298248275BB009FEF9B /* Resources */,
			);
			buildRules = (
			);
			dependencies = (
			);
			name = macOS;
			packageProductDependencies = (
				CEF9B2B124827F8A009FEF9B /* Balam */,
				CE1D719C248D246B004D37F3 /* Player */,
			);
			productName = macOS;
			productReference = CEF9B29A248275BB009FEF9B /* Amadeus.app */;
			productType = "com.apple.product-type.application";
		};
/* End PBXNativeTarget section */

/* Begin PBXProject section */
		CEC3ABB22482742E0069DBC3 /* Project object */ = {
			isa = PBXProject;
			attributes = {
				LastSwiftUpdateCheck = 1150;
				LastUpgradeCheck = 1150;
				TargetAttributes = {
					CE4A60C52490BDFA0002FE19 = {
						CreatedOnToolsVersion = 11.5;
					};
					CE59815F2494E6DB0056AA76 = {
						CreatedOnToolsVersion = 11.5;
					};
					CE59816B2494E6DC0056AA76 = {
						CreatedOnToolsVersion = 11.5;
					};
					CEF9B299248275BB009FEF9B = {
						CreatedOnToolsVersion = 11.5;
					};
				};
			};
			buildConfigurationList = CEC3ABB52482742E0069DBC3 /* Build configuration list for PBXProject "Amadeus" */;
			compatibilityVersion = "Xcode 9.3";
			developmentRegion = en;
			hasScannedForEncodings = 0;
			knownRegions = (
				en,
				Base,
			);
			mainGroup = CEC3ABB12482742E0069DBC3;
			packageReferences = (
				CEF9B2B024827F8A009FEF9B /* XCRemoteSwiftPackageReference "balam" */,
				CE1D719B248D246B004D37F3 /* XCRemoteSwiftPackageReference "player" */,
			);
			productRefGroup = CEF9B29B248275BB009FEF9B /* Products */;
			projectDirPath = "";
			projectRoot = "";
			targets = (
				CEF9B299248275BB009FEF9B /* macOS */,
				CE4A60C52490BDFA0002FE19 /* iOS */,
				CE59815F2494E6DB0056AA76 /* watchOS */,
				CE59816B2494E6DC0056AA76 /* watchOS Extension */,
			);
		};
/* End PBXProject section */

/* Begin PBXResourcesBuildPhase section */
		CE4A60C42490BDFA0002FE19 /* Resources */ = {
			isa = PBXResourcesBuildPhase;
			buildActionMask = 2147483647;
			files = (
				CE3B3DEC2491415300D1EBC8 /* beethovenPianoConcerto3.mp3 in Resources */,
				CE4A60D52490BDFB0002FE19 /* LaunchScreen.storyboard in Resources */,
				CE3B3DF02491415300D1EBC8 /* beethovenSymphony7.mp3 in Resources */,
				CE3B3DFD2491415300D1EBC8 /* mozartSymphony1.mp3 in Resources */,
				CE3B3DFA2491415300D1EBC8 /* mozartPianoSonata11.mp3 in Resources */,
				CE3B3DF32491415300D1EBC8 /* debussyClairDeLune.mp3 in Resources */,
				CE3B3DF82491415300D1EBC8 /* mozartPianoConcerto22.mp3 in Resources */,
				CE3B3DF72491415300D1EBC8 /* mozartPianoConcerto20.mp3 in Resources */,
				CE3B3DF52491415300D1EBC8 /* mozartElviraMadigan.mp3 in Resources */,
				CE3B3DED2491415300D1EBC8 /* beethovenPianoSonata1.mp3 in Resources */,
				CE3B3DF22491415300D1EBC8 /* brahmsSymphony3.mp3 in Resources */,
				CE3B3DEE2491415300D1EBC8 /* beethovenSymphony2.mp3 in Resources */,
				CE3B3DF92491415300D1EBC8 /* mozartPianoConcerto23.mp3 in Resources */,
				CE3B3DFC2491415300D1EBC8 /* mozartRequiem.mp3 in Resources */,
				CE3B3DFE2491415300D1EBC8 /* mozartSymphony40.mp3 in Resources */,
				CE3B3DF62491415300D1EBC8 /* mozartFantasia.mp3 in Resources */,
				CE3B3DE1249135B700D1EBC8 /* Localizable.strings in Resources */,
				CE3B3DF12491415300D1EBC8 /* beethovenSymphony9.mp3 in Resources */,
				CE3B3DF42491415300D1EBC8 /* mozartEineKleineNachtmusik.mp3 in Resources */,
				CE3B3DEB2491415300D1EBC8 /* beethovenPathetique.mp3 in Resources */,
				CE3B3DE2249135BA00D1EBC8 /* Media.xcassets in Resources */,
				CE3B3DFB2491415300D1EBC8 /* mozartPrague.mp3 in Resources */,
				CE3B3DEA2491415300D1EBC8 /* beethovenMoonlightSonata.mp3 in Resources */,
				CE3B3DE92491415300D1EBC8 /* beethovenFurElise.mp3 in Resources */,
				CE3B3DFF2491415300D1EBC8 /* satieGymnopedies.mp3 in Resources */,
				CE4A60D22490BDFB0002FE19 /* Assets.xcassets in Resources */,
				CE3B3DEF2491415300D1EBC8 /* beethovenSymphony5.mp3 in Resources */,
			);
			runOnlyForDeploymentPostprocessing = 0;
		};
		CE59815E2494E6DB0056AA76 /* Resources */ = {
			isa = PBXResourcesBuildPhase;
			buildActionMask = 2147483647;
			files = (
				CE5981662494E6DC0056AA76 /* Assets.xcassets in Resources */,
				CE5981642494E6DB0056AA76 /* Interface.storyboard in Resources */,
			);
			runOnlyForDeploymentPostprocessing = 0;
		};
		CE59816A2494E6DC0056AA76 /* Resources */ = {
			isa = PBXResourcesBuildPhase;
			buildActionMask = 2147483647;
			files = (
				CE5981782494E6DC0056AA76 /* Assets.xcassets in Resources */,
				CE0CA131249643D3002E4410 /* Localizable.strings in Resources */,
			);
			runOnlyForDeploymentPostprocessing = 0;
		};
		CEF9B298248275BB009FEF9B /* Resources */ = {
			isa = PBXResourcesBuildPhase;
			buildActionMask = 2147483647;
			files = (
				CEAD9C4A248BCC6300E1BDB2 /* beethovenMoonlightSonata.mp3 in Resources */,
				CEAD9C3E248BCC6300E1BDB2 /* mozartPianoConcerto23.mp3 in Resources */,
				CEAD9C3A248BCC6300E1BDB2 /* beethovenSymphony2.mp3 in Resources */,
				CEAD9C3D248BCC6300E1BDB2 /* beethovenPathetique.mp3 in Resources */,
				CEF9B2A2248275BC009FEF9B /* Assets.xcassets in Resources */,
				CEAD9C4D248BCC6300E1BDB2 /* mozartFantasia.mp3 in Resources */,
				CEAD9C4E248BCC6300E1BDB2 /* debussyClairDeLune.mp3 in Resources */,
				CEAD9C4B248BCC6300E1BDB2 /* beethovenSymphony9.mp3 in Resources */,
				CE04366C24855918003841CA /* Media.xcassets in Resources */,
				CEAD9C49248BCC6300E1BDB2 /* mozartElviraMadigan.mp3 in Resources */,
				CEAD9C41248BCC6300E1BDB2 /* beethovenFurElise.mp3 in Resources */,
				CEAD9C3C248BCC6300E1BDB2 /* mozartSymphony40.mp3 in Resources */,
				CEAD9C42248BCC6300E1BDB2 /* beethovenSymphony5.mp3 in Resources */,
				CEAD9C4C248BCC6300E1BDB2 /* beethovenSymphony7.mp3 in Resources */,
				CEAD9C3B248BCC6300E1BDB2 /* brahmsSymphony3.mp3 in Resources */,
				CEAD9C4F248BCC6300E1BDB2 /* mozartSymphony1.mp3 in Resources */,
				CEAD9C3F248BCC6300E1BDB2 /* beethovenPianoConcerto3.mp3 in Resources */,
				CEAD9C45248BCC6300E1BDB2 /* mozartRequiem.mp3 in Resources */,
				CEAD9C47248BCC6300E1BDB2 /* satieGymnopedies.mp3 in Resources */,
				CEAD9C43248BCC6300E1BDB2 /* mozartPianoConcerto20.mp3 in Resources */,
				CEAD9C40248BCC6300E1BDB2 /* mozartEineKleineNachtmusik.mp3 in Resources */,
				CEAD9C44248BCC6300E1BDB2 /* mozartPrague.mp3 in Resources */,
				CEEA68932483B75600716620 /* Localizable.strings in Resources */,
				CEAD9C48248BCC6300E1BDB2 /* mozartPianoSonata11.mp3 in Resources */,
				CEAD9C50248BCC6300E1BDB2 /* beethovenPianoSonata1.mp3 in Resources */,
				CEAD9C46248BCC6300E1BDB2 /* mozartPianoConcerto22.mp3 in Resources */,
			);
			runOnlyForDeploymentPostprocessing = 0;
		};
/* End PBXResourcesBuildPhase section */

/* Begin PBXSourcesBuildPhase section */
		CE4A60C22490BDFA0002FE19 /* Sources */ = {
			isa = PBXSourcesBuildPhase;
			buildActionMask = 2147483647;
			files = (
				CE3B3E03249159E200D1EBC8 /* Hud.swift in Sources */,
				CE3B3DE6249135CD00D1EBC8 /* Purchases.swift in Sources */,
				CE4A60CB2490BDFA0002FE19 /* Scene.swift in Sources */,
				CE3B3E0524915F5400D1EBC8 /* Current.swift in Sources */,
				CE3B3DE8249135D700D1EBC8 /* Font.swift in Sources */,
				CE31B7682493C3B1003FEF67 /* Settings.swift in Sources */,
				CE3B3DE4249135C500D1EBC8 /* Session.swift in Sources */,
				CE3B3DE3249135BF00D1EBC8 /* String.swift in Sources */,
				CE3B3E012491592400D1EBC8 /* Control.swift in Sources */,
				CE31B7662493AF8F003FEF67 /* Store.swift in Sources */,
				CE0CA1372496785B002E4410 /* App.swift in Sources */,
				CE3B3DDF2491342000D1EBC8 /* Bar.swift in Sources */,
				CE3D1EF424935F830006B348 /* Separator.swift in Sources */,
				CE31B76C2493D8B7003FEF67 /* UIViewController.swift in Sources */,
				CE3D1EF224935CCE0006B348 /* Detail.swift in Sources */,
				CE4A60E02490C6930002FE19 /* Music.swift in Sources */,
				CE31B76A2493D881003FEF67 /* Close.swift in Sources */,
				CE3D1EEE24935BD50006B348 /* Scroll.swift in Sources */,
				CE3D1EF024935C350006B348 /* Coverflow.swift in Sources */,
			);
			runOnlyForDeploymentPostprocessing = 0;
		};
		CE5981682494E6DC0056AA76 /* Sources */ = {
			isa = PBXSourcesBuildPhase;
			buildActionMask = 2147483647;
			files = (
				CE0CA13524966494002E4410 /* Session.swift in Sources */,
				CE5981742494E6DC0056AA76 /* Controller.swift in Sources */,
				CE0CA13324964CF3002E4410 /* Controls.swift in Sources */,
				CE5981722494E6DC0056AA76 /* Music.swift in Sources */,
				CE5981762494E6DC0056AA76 /* App.swift in Sources */,
			);
			runOnlyForDeploymentPostprocessing = 0;
		};
		CEF9B296248275BB009FEF9B /* Sources */ = {
			isa = PBXSourcesBuildPhase;
			buildActionMask = 2147483647;
			files = (
				CE3B0A38248EA68400A810E0 /* Store.swift in Sources */,
				CEEA68902483B6DA00716620 /* String.swift in Sources */,
				CEEA68972483B8B700716620 /* Bar.swift in Sources */,
				CEEA689F2483CF0F00716620 /* Label.swift in Sources */,
				CE0436702485667F003841CA /* Detail.swift in Sources */,
				CEC4232A249A7E8000D58072 /* Status.swift in Sources */,
				CE3B0A3A248EB17F00A810E0 /* Purchases.swift in Sources */,
				CE04366824853C1F003841CA /* Coverflow.swift in Sources */,
				CEF9B29E248275BB009FEF9B /* App.swift in Sources */,
				CEC4232C249A80FC00D58072 /* Current.swift in Sources */,
				CEF9B2AC24827C08009FEF9B /* Music.swift in Sources */,
				CEEA68A12483CFAF00716620 /* Font.swift in Sources */,
				CEEA68A52483DB6800716620 /* Scroll.swift in Sources */,
				CEEA689D2483CCA700716620 /* Control.swift in Sources */,
				CEB55D3C248A3073002CDB8A /* Settings.swift in Sources */,
				CE48A41D24895B71004555C1 /* Session.swift in Sources */,
				CEEA688E2483B6B400716620 /* Menu.swift in Sources */,
				CEEA68992483BB1800716620 /* Separator.swift in Sources */,
			);
			runOnlyForDeploymentPostprocessing = 0;
		};
/* End PBXSourcesBuildPhase section */

/* Begin PBXTargetDependency section */
		CE59816F2494E6DC0056AA76 /* PBXTargetDependency */ = {
			isa = PBXTargetDependency;
			target = CE59816B2494E6DC0056AA76 /* watchOS Extension */;
			targetProxy = CE59816E2494E6DC0056AA76 /* PBXContainerItemProxy */;
		};
		CE59817E2494E6DC0056AA76 /* PBXTargetDependency */ = {
			isa = PBXTargetDependency;
			target = CE59815F2494E6DB0056AA76 /* watchOS */;
			targetProxy = CE59817D2494E6DC0056AA76 /* PBXContainerItemProxy */;
		};
/* End PBXTargetDependency section */

/* Begin PBXVariantGroup section */
		CE4A60D32490BDFB0002FE19 /* LaunchScreen.storyboard */ = {
			isa = PBXVariantGroup;
			children = (
				CE4A60D42490BDFB0002FE19 /* Base */,
			);
			name = LaunchScreen.storyboard;
			sourceTree = "<group>";
		};
		CE5981622494E6DB0056AA76 /* Interface.storyboard */ = {
			isa = PBXVariantGroup;
			children = (
				CE5981632494E6DB0056AA76 /* Base */,
			);
			name = Interface.storyboard;
			sourceTree = "<group>";
		};
		CEEA68912483B75600716620 /* Localizable.strings */ = {
			isa = PBXVariantGroup;
			children = (
				CEEA68922483B75600716620 /* Base */,
			);
			name = Localizable.strings;
			sourceTree = "<group>";
		};
/* End PBXVariantGroup section */

/* Begin XCBuildConfiguration section */
		CE4A60D72490BDFB0002FE19 /* Debug */ = {
			isa = XCBuildConfiguration;
			buildSettings = {
				ALWAYS_SEARCH_USER_PATHS = NO;
				ASSETCATALOG_COMPILER_APPICON_NAME = AppIcon;
				CLANG_ANALYZER_NONNULL = YES;
				CLANG_ANALYZER_NUMBER_OBJECT_CONVERSION = YES_AGGRESSIVE;
				CLANG_CXX_LANGUAGE_STANDARD = "gnu++14";
				CLANG_CXX_LIBRARY = "libc++";
				CLANG_ENABLE_OBJC_ARC = YES;
				CLANG_ENABLE_OBJC_WEAK = YES;
				CLANG_WARN_BLOCK_CAPTURE_AUTORELEASING = YES;
				CLANG_WARN_BOOL_CONVERSION = YES;
				CLANG_WARN_COMMA = YES;
				CLANG_WARN_CONSTANT_CONVERSION = YES;
				CLANG_WARN_DEPRECATED_OBJC_IMPLEMENTATIONS = YES;
				CLANG_WARN_DIRECT_OBJC_ISA_USAGE = YES_ERROR;
				CLANG_WARN_DOCUMENTATION_COMMENTS = YES;
				CLANG_WARN_EMPTY_BODY = YES;
				CLANG_WARN_ENUM_CONVERSION = YES;
				CLANG_WARN_INFINITE_RECURSION = YES;
				CLANG_WARN_INT_CONVERSION = YES;
				CLANG_WARN_NON_LITERAL_NULL_CONVERSION = YES;
				CLANG_WARN_OBJC_IMPLICIT_RETAIN_SELF = YES;
				CLANG_WARN_OBJC_LITERAL_CONVERSION = YES;
				CLANG_WARN_OBJC_ROOT_CLASS = YES_ERROR;
				CLANG_WARN_RANGE_LOOP_ANALYSIS = YES;
				CLANG_WARN_STRICT_PROTOTYPES = YES;
				CLANG_WARN_SUSPICIOUS_MOVE = YES;
				CLANG_WARN_UNGUARDED_AVAILABILITY = YES_AGGRESSIVE;
				CLANG_WARN_UNREACHABLE_CODE = YES;
				CLANG_WARN__DUPLICATE_METHOD_MATCH = YES;
				CODE_SIGN_STYLE = Automatic;
				COPY_PHASE_STRIP = NO;
				CURRENT_PROJECT_VERSION = 110;
				DEVELOPMENT_TEAM = 7AMWG3RLHN;
				ENABLE_STRICT_OBJC_MSGSEND = YES;
				ENABLE_TESTABILITY = YES;
				GCC_C_LANGUAGE_STANDARD = gnu11;
				GCC_DYNAMIC_NO_PIC = NO;
				GCC_NO_COMMON_BLOCKS = YES;
				GCC_PREPROCESSOR_DEFINITIONS = (
					"DEBUG=1",
					"$(inherited)",
				);
				GCC_WARN_64_TO_32_BIT_CONVERSION = YES;
				GCC_WARN_ABOUT_RETURN_TYPE = YES_ERROR;
				GCC_WARN_UNDECLARED_SELECTOR = YES;
				GCC_WARN_UNINITIALIZED_AUTOS = YES_AGGRESSIVE;
				GCC_WARN_UNUSED_FUNCTION = YES;
				GCC_WARN_UNUSED_VARIABLE = YES;
				INFOPLIST_FILE = iOS/Info.plist;
				LD_RUNPATH_SEARCH_PATHS = (
					"$(inherited)",
					"@executable_path/Frameworks",
				);
				MARKETING_VERSION = 110;
				MTL_ENABLE_DEBUG_INFO = INCLUDE_SOURCE;
				MTL_FAST_MATH = YES;
				ONLY_ACTIVE_ARCH = YES;
				PRODUCT_BUNDLE_IDENTIFIER = rock.me.amadeus;
				SDKROOT = iphoneos;
				SWIFT_ACTIVE_COMPILATION_CONDITIONS = DEBUG;
				TARGETED_DEVICE_FAMILY = "1,2";
			};
			name = Debug;
		};
		CE4A60D82490BDFB0002FE19 /* Release */ = {
			isa = XCBuildConfiguration;
			buildSettings = {
				ALWAYS_SEARCH_USER_PATHS = NO;
				ASSETCATALOG_COMPILER_APPICON_NAME = AppIcon;
				CLANG_ANALYZER_NONNULL = YES;
				CLANG_ANALYZER_NUMBER_OBJECT_CONVERSION = YES_AGGRESSIVE;
				CLANG_CXX_LANGUAGE_STANDARD = "gnu++14";
				CLANG_CXX_LIBRARY = "libc++";
				CLANG_ENABLE_OBJC_ARC = YES;
				CLANG_ENABLE_OBJC_WEAK = YES;
				CLANG_WARN_BLOCK_CAPTURE_AUTORELEASING = YES;
				CLANG_WARN_BOOL_CONVERSION = YES;
				CLANG_WARN_COMMA = YES;
				CLANG_WARN_CONSTANT_CONVERSION = YES;
				CLANG_WARN_DEPRECATED_OBJC_IMPLEMENTATIONS = YES;
				CLANG_WARN_DIRECT_OBJC_ISA_USAGE = YES_ERROR;
				CLANG_WARN_DOCUMENTATION_COMMENTS = YES;
				CLANG_WARN_EMPTY_BODY = YES;
				CLANG_WARN_ENUM_CONVERSION = YES;
				CLANG_WARN_INFINITE_RECURSION = YES;
				CLANG_WARN_INT_CONVERSION = YES;
				CLANG_WARN_NON_LITERAL_NULL_CONVERSION = YES;
				CLANG_WARN_OBJC_IMPLICIT_RETAIN_SELF = YES;
				CLANG_WARN_OBJC_LITERAL_CONVERSION = YES;
				CLANG_WARN_OBJC_ROOT_CLASS = YES_ERROR;
				CLANG_WARN_RANGE_LOOP_ANALYSIS = YES;
				CLANG_WARN_STRICT_PROTOTYPES = YES;
				CLANG_WARN_SUSPICIOUS_MOVE = YES;
				CLANG_WARN_UNGUARDED_AVAILABILITY = YES_AGGRESSIVE;
				CLANG_WARN_UNREACHABLE_CODE = YES;
				CLANG_WARN__DUPLICATE_METHOD_MATCH = YES;
				CODE_SIGN_STYLE = Automatic;
				COPY_PHASE_STRIP = NO;
				CURRENT_PROJECT_VERSION = 110;
				DEVELOPMENT_TEAM = 7AMWG3RLHN;
				ENABLE_NS_ASSERTIONS = NO;
				ENABLE_STRICT_OBJC_MSGSEND = YES;
				GCC_C_LANGUAGE_STANDARD = gnu11;
				GCC_NO_COMMON_BLOCKS = YES;
				GCC_WARN_64_TO_32_BIT_CONVERSION = YES;
				GCC_WARN_ABOUT_RETURN_TYPE = YES_ERROR;
				GCC_WARN_UNDECLARED_SELECTOR = YES;
				GCC_WARN_UNINITIALIZED_AUTOS = YES_AGGRESSIVE;
				GCC_WARN_UNUSED_FUNCTION = YES;
				GCC_WARN_UNUSED_VARIABLE = YES;
				INFOPLIST_FILE = iOS/Info.plist;
				LD_RUNPATH_SEARCH_PATHS = (
					"$(inherited)",
					"@executable_path/Frameworks",
				);
				MARKETING_VERSION = 110;
				MTL_ENABLE_DEBUG_INFO = NO;
				MTL_FAST_MATH = YES;
				PRODUCT_BUNDLE_IDENTIFIER = rock.me.amadeus;
				SDKROOT = iphoneos;
				TARGETED_DEVICE_FAMILY = "1,2";
				VALIDATE_PRODUCT = YES;
			};
			name = Release;
		};
		CE5981812494E6DC0056AA76 /* Debug */ = {
			isa = XCBuildConfiguration;
			buildSettings = {
				ALWAYS_SEARCH_USER_PATHS = NO;
				ASSETCATALOG_COMPILER_APPICON_NAME = AppIcon;
				CLANG_ANALYZER_NONNULL = YES;
				CLANG_ANALYZER_NUMBER_OBJECT_CONVERSION = YES_AGGRESSIVE;
				CLANG_CXX_LANGUAGE_STANDARD = "gnu++14";
				CLANG_CXX_LIBRARY = "libc++";
				CLANG_ENABLE_OBJC_ARC = YES;
				CLANG_ENABLE_OBJC_WEAK = YES;
				CLANG_WARN_BLOCK_CAPTURE_AUTORELEASING = YES;
				CLANG_WARN_BOOL_CONVERSION = YES;
				CLANG_WARN_COMMA = YES;
				CLANG_WARN_CONSTANT_CONVERSION = YES;
				CLANG_WARN_DEPRECATED_OBJC_IMPLEMENTATIONS = YES;
				CLANG_WARN_DIRECT_OBJC_ISA_USAGE = YES_ERROR;
				CLANG_WARN_DOCUMENTATION_COMMENTS = YES;
				CLANG_WARN_EMPTY_BODY = YES;
				CLANG_WARN_ENUM_CONVERSION = YES;
				CLANG_WARN_INFINITE_RECURSION = YES;
				CLANG_WARN_INT_CONVERSION = YES;
				CLANG_WARN_NON_LITERAL_NULL_CONVERSION = YES;
				CLANG_WARN_OBJC_IMPLICIT_RETAIN_SELF = YES;
				CLANG_WARN_OBJC_LITERAL_CONVERSION = YES;
				CLANG_WARN_OBJC_ROOT_CLASS = YES_ERROR;
				CLANG_WARN_RANGE_LOOP_ANALYSIS = YES;
				CLANG_WARN_STRICT_PROTOTYPES = YES;
				CLANG_WARN_SUSPICIOUS_MOVE = YES;
				CLANG_WARN_UNGUARDED_AVAILABILITY = YES_AGGRESSIVE;
				CLANG_WARN_UNREACHABLE_CODE = YES;
				CLANG_WARN__DUPLICATE_METHOD_MATCH = YES;
				CODE_SIGN_STYLE = Automatic;
				COPY_PHASE_STRIP = NO;
				CURRENT_PROJECT_VERSION = 110;
				DEVELOPMENT_TEAM = 7AMWG3RLHN;
				ENABLE_STRICT_OBJC_MSGSEND = YES;
				ENABLE_TESTABILITY = YES;
				GCC_C_LANGUAGE_STANDARD = gnu11;
				GCC_DYNAMIC_NO_PIC = NO;
				GCC_NO_COMMON_BLOCKS = YES;
				GCC_PREPROCESSOR_DEFINITIONS = (
					"DEBUG=1",
					"$(inherited)",
				);
				GCC_WARN_64_TO_32_BIT_CONVERSION = YES;
				GCC_WARN_ABOUT_RETURN_TYPE = YES_ERROR;
				GCC_WARN_UNDECLARED_SELECTOR = YES;
				GCC_WARN_UNINITIALIZED_AUTOS = YES_AGGRESSIVE;
				GCC_WARN_UNUSED_FUNCTION = YES;
				GCC_WARN_UNUSED_VARIABLE = YES;
				IBSC_MODULE = watchOS_Extension;
				INFOPLIST_FILE = watchOS/Info.plist;
				MARKETING_VERSION = 110;
				MTL_ENABLE_DEBUG_INFO = INCLUDE_SOURCE;
				MTL_FAST_MATH = YES;
				ONLY_ACTIVE_ARCH = YES;
				PRODUCT_BUNDLE_IDENTIFIER = rock.me.amadeus.watch;
				SDKROOT = watchos;
				SKIP_INSTALL = YES;
				SWIFT_ACTIVE_COMPILATION_CONDITIONS = DEBUG;
				TARGETED_DEVICE_FAMILY = 4;
			};
			name = Debug;
		};
		CE5981822494E6DC0056AA76 /* Release */ = {
			isa = XCBuildConfiguration;
			buildSettings = {
				ALWAYS_SEARCH_USER_PATHS = NO;
				ASSETCATALOG_COMPILER_APPICON_NAME = AppIcon;
				CLANG_ANALYZER_NONNULL = YES;
				CLANG_ANALYZER_NUMBER_OBJECT_CONVERSION = YES_AGGRESSIVE;
				CLANG_CXX_LANGUAGE_STANDARD = "gnu++14";
				CLANG_CXX_LIBRARY = "libc++";
				CLANG_ENABLE_OBJC_ARC = YES;
				CLANG_ENABLE_OBJC_WEAK = YES;
				CLANG_WARN_BLOCK_CAPTURE_AUTORELEASING = YES;
				CLANG_WARN_BOOL_CONVERSION = YES;
				CLANG_WARN_COMMA = YES;
				CLANG_WARN_CONSTANT_CONVERSION = YES;
				CLANG_WARN_DEPRECATED_OBJC_IMPLEMENTATIONS = YES;
				CLANG_WARN_DIRECT_OBJC_ISA_USAGE = YES_ERROR;
				CLANG_WARN_DOCUMENTATION_COMMENTS = YES;
				CLANG_WARN_EMPTY_BODY = YES;
				CLANG_WARN_ENUM_CONVERSION = YES;
				CLANG_WARN_INFINITE_RECURSION = YES;
				CLANG_WARN_INT_CONVERSION = YES;
				CLANG_WARN_NON_LITERAL_NULL_CONVERSION = YES;
				CLANG_WARN_OBJC_IMPLICIT_RETAIN_SELF = YES;
				CLANG_WARN_OBJC_LITERAL_CONVERSION = YES;
				CLANG_WARN_OBJC_ROOT_CLASS = YES_ERROR;
				CLANG_WARN_RANGE_LOOP_ANALYSIS = YES;
				CLANG_WARN_STRICT_PROTOTYPES = YES;
				CLANG_WARN_SUSPICIOUS_MOVE = YES;
				CLANG_WARN_UNGUARDED_AVAILABILITY = YES_AGGRESSIVE;
				CLANG_WARN_UNREACHABLE_CODE = YES;
				CLANG_WARN__DUPLICATE_METHOD_MATCH = YES;
				CODE_SIGN_STYLE = Automatic;
				COPY_PHASE_STRIP = NO;
				CURRENT_PROJECT_VERSION = 110;
				DEVELOPMENT_TEAM = 7AMWG3RLHN;
				ENABLE_NS_ASSERTIONS = NO;
				ENABLE_STRICT_OBJC_MSGSEND = YES;
				GCC_C_LANGUAGE_STANDARD = gnu11;
				GCC_NO_COMMON_BLOCKS = YES;
				GCC_WARN_64_TO_32_BIT_CONVERSION = YES;
				GCC_WARN_ABOUT_RETURN_TYPE = YES_ERROR;
				GCC_WARN_UNDECLARED_SELECTOR = YES;
				GCC_WARN_UNINITIALIZED_AUTOS = YES_AGGRESSIVE;
				GCC_WARN_UNUSED_FUNCTION = YES;
				GCC_WARN_UNUSED_VARIABLE = YES;
				IBSC_MODULE = watchOS_Extension;
				INFOPLIST_FILE = watchOS/Info.plist;
				MARKETING_VERSION = 110;
				MTL_ENABLE_DEBUG_INFO = NO;
				MTL_FAST_MATH = YES;
				PRODUCT_BUNDLE_IDENTIFIER = rock.me.amadeus.watch;
				SDKROOT = watchos;
				SKIP_INSTALL = YES;
				TARGETED_DEVICE_FAMILY = 4;
				VALIDATE_PRODUCT = YES;
			};
			name = Release;
		};
		CE5981842494E6DC0056AA76 /* Debug */ = {
			isa = XCBuildConfiguration;
			buildSettings = {
				ALWAYS_SEARCH_USER_PATHS = NO;
				CLANG_ANALYZER_NONNULL = YES;
				CLANG_ANALYZER_NUMBER_OBJECT_CONVERSION = YES_AGGRESSIVE;
				CLANG_CXX_LANGUAGE_STANDARD = "gnu++14";
				CLANG_CXX_LIBRARY = "libc++";
				CLANG_ENABLE_OBJC_ARC = YES;
				CLANG_ENABLE_OBJC_WEAK = YES;
				CLANG_WARN_BLOCK_CAPTURE_AUTORELEASING = YES;
				CLANG_WARN_BOOL_CONVERSION = YES;
				CLANG_WARN_COMMA = YES;
				CLANG_WARN_CONSTANT_CONVERSION = YES;
				CLANG_WARN_DEPRECATED_OBJC_IMPLEMENTATIONS = YES;
				CLANG_WARN_DIRECT_OBJC_ISA_USAGE = YES_ERROR;
				CLANG_WARN_DOCUMENTATION_COMMENTS = YES;
				CLANG_WARN_EMPTY_BODY = YES;
				CLANG_WARN_ENUM_CONVERSION = YES;
				CLANG_WARN_INFINITE_RECURSION = YES;
				CLANG_WARN_INT_CONVERSION = YES;
				CLANG_WARN_NON_LITERAL_NULL_CONVERSION = YES;
				CLANG_WARN_OBJC_IMPLICIT_RETAIN_SELF = YES;
				CLANG_WARN_OBJC_LITERAL_CONVERSION = YES;
				CLANG_WARN_OBJC_ROOT_CLASS = YES_ERROR;
				CLANG_WARN_RANGE_LOOP_ANALYSIS = YES;
				CLANG_WARN_STRICT_PROTOTYPES = YES;
				CLANG_WARN_SUSPICIOUS_MOVE = YES;
				CLANG_WARN_UNGUARDED_AVAILABILITY = YES_AGGRESSIVE;
				CLANG_WARN_UNREACHABLE_CODE = YES;
				CLANG_WARN__DUPLICATE_METHOD_MATCH = YES;
				CODE_SIGN_STYLE = Automatic;
				COPY_PHASE_STRIP = NO;
				CURRENT_PROJECT_VERSION = 110;
				DEVELOPMENT_TEAM = 7AMWG3RLHN;
				ENABLE_PREVIEWS = YES;
				ENABLE_STRICT_OBJC_MSGSEND = YES;
				ENABLE_TESTABILITY = YES;
				GCC_C_LANGUAGE_STANDARD = gnu11;
				GCC_DYNAMIC_NO_PIC = NO;
				GCC_NO_COMMON_BLOCKS = YES;
				GCC_PREPROCESSOR_DEFINITIONS = (
					"DEBUG=1",
					"$(inherited)",
				);
				GCC_WARN_64_TO_32_BIT_CONVERSION = YES;
				GCC_WARN_ABOUT_RETURN_TYPE = YES_ERROR;
				GCC_WARN_UNDECLARED_SELECTOR = YES;
				GCC_WARN_UNINITIALIZED_AUTOS = YES_AGGRESSIVE;
				GCC_WARN_UNUSED_FUNCTION = YES;
				GCC_WARN_UNUSED_VARIABLE = YES;
				INFOPLIST_FILE = "watchOS Extension/Info.plist";
				LD_RUNPATH_SEARCH_PATHS = (
					"$(inherited)",
					"@executable_path/Frameworks",
					"@executable_path/../../Frameworks",
				);
				MARKETING_VERSION = 110;
				MTL_ENABLE_DEBUG_INFO = INCLUDE_SOURCE;
				MTL_FAST_MATH = YES;
				ONLY_ACTIVE_ARCH = YES;
				PRODUCT_BUNDLE_IDENTIFIER = rock.me.amadeus.watch.ext;
				SDKROOT = watchos;
				SKIP_INSTALL = YES;
				SWIFT_ACTIVE_COMPILATION_CONDITIONS = DEBUG;
				TARGETED_DEVICE_FAMILY = 4;
			};
			name = Debug;
		};
		CE5981852494E6DC0056AA76 /* Release */ = {
			isa = XCBuildConfiguration;
			buildSettings = {
				ALWAYS_SEARCH_USER_PATHS = NO;
				CLANG_ANALYZER_NONNULL = YES;
				CLANG_ANALYZER_NUMBER_OBJECT_CONVERSION = YES_AGGRESSIVE;
				CLANG_CXX_LANGUAGE_STANDARD = "gnu++14";
				CLANG_CXX_LIBRARY = "libc++";
				CLANG_ENABLE_OBJC_ARC = YES;
				CLANG_ENABLE_OBJC_WEAK = YES;
				CLANG_WARN_BLOCK_CAPTURE_AUTORELEASING = YES;
				CLANG_WARN_BOOL_CONVERSION = YES;
				CLANG_WARN_COMMA = YES;
				CLANG_WARN_CONSTANT_CONVERSION = YES;
				CLANG_WARN_DEPRECATED_OBJC_IMPLEMENTATIONS = YES;
				CLANG_WARN_DIRECT_OBJC_ISA_USAGE = YES_ERROR;
				CLANG_WARN_DOCUMENTATION_COMMENTS = YES;
				CLANG_WARN_EMPTY_BODY = YES;
				CLANG_WARN_ENUM_CONVERSION = YES;
				CLANG_WARN_INFINITE_RECURSION = YES;
				CLANG_WARN_INT_CONVERSION = YES;
				CLANG_WARN_NON_LITERAL_NULL_CONVERSION = YES;
				CLANG_WARN_OBJC_IMPLICIT_RETAIN_SELF = YES;
				CLANG_WARN_OBJC_LITERAL_CONVERSION = YES;
				CLANG_WARN_OBJC_ROOT_CLASS = YES_ERROR;
				CLANG_WARN_RANGE_LOOP_ANALYSIS = YES;
				CLANG_WARN_STRICT_PROTOTYPES = YES;
				CLANG_WARN_SUSPICIOUS_MOVE = YES;
				CLANG_WARN_UNGUARDED_AVAILABILITY = YES_AGGRESSIVE;
				CLANG_WARN_UNREACHABLE_CODE = YES;
				CLANG_WARN__DUPLICATE_METHOD_MATCH = YES;
				CODE_SIGN_STYLE = Automatic;
				COPY_PHASE_STRIP = NO;
				CURRENT_PROJECT_VERSION = 110;
				DEVELOPMENT_TEAM = 7AMWG3RLHN;
				ENABLE_NS_ASSERTIONS = NO;
				ENABLE_PREVIEWS = YES;
				ENABLE_STRICT_OBJC_MSGSEND = YES;
				GCC_C_LANGUAGE_STANDARD = gnu11;
				GCC_NO_COMMON_BLOCKS = YES;
				GCC_WARN_64_TO_32_BIT_CONVERSION = YES;
				GCC_WARN_ABOUT_RETURN_TYPE = YES_ERROR;
				GCC_WARN_UNDECLARED_SELECTOR = YES;
				GCC_WARN_UNINITIALIZED_AUTOS = YES_AGGRESSIVE;
				GCC_WARN_UNUSED_FUNCTION = YES;
				GCC_WARN_UNUSED_VARIABLE = YES;
				INFOPLIST_FILE = "watchOS Extension/Info.plist";
				LD_RUNPATH_SEARCH_PATHS = (
					"$(inherited)",
					"@executable_path/Frameworks",
					"@executable_path/../../Frameworks",
				);
				MARKETING_VERSION = 110;
				MTL_ENABLE_DEBUG_INFO = NO;
				MTL_FAST_MATH = YES;
				PRODUCT_BUNDLE_IDENTIFIER = rock.me.amadeus.watch.ext;
				SDKROOT = watchos;
				SKIP_INSTALL = YES;
				TARGETED_DEVICE_FAMILY = 4;
				VALIDATE_PRODUCT = YES;
			};
			name = Release;
		};
		CEC3ABB62482742E0069DBC3 /* Debug */ = {
			isa = XCBuildConfiguration;
			buildSettings = {
				CLANG_ENABLE_MODULES = YES;
				DEBUG_INFORMATION_FORMAT = dwarf;
				ENABLE_BITCODE = YES;
				GCC_OPTIMIZATION_LEVEL = 0;
				IPHONEOS_DEPLOYMENT_TARGET = 13.0;
				MACOSX_DEPLOYMENT_TARGET = 10.15;
				PRODUCT_NAME = Amadeus;
				SWIFT_INSTALL_OBJC_HEADER = NO;
				SWIFT_OPTIMIZATION_LEVEL = "-Onone";
				SWIFT_VERSION = 5.0;
				WATCHOS_DEPLOYMENT_TARGET = 6.0;
			};
			name = Debug;
		};
		CEC3ABB72482742E0069DBC3 /* Release */ = {
			isa = XCBuildConfiguration;
			buildSettings = {
				CLANG_ENABLE_MODULES = YES;
				DEBUG_INFORMATION_FORMAT = "dwarf-with-dsym";
				ENABLE_BITCODE = YES;
				GCC_OPTIMIZATION_LEVEL = 3;
				IPHONEOS_DEPLOYMENT_TARGET = 13.0;
				MACOSX_DEPLOYMENT_TARGET = 10.15;
				PRODUCT_NAME = Amadeus;
				SWIFT_COMPILATION_MODE = wholemodule;
				SWIFT_INSTALL_OBJC_HEADER = NO;
				SWIFT_VERSION = 5.0;
				WATCHOS_DEPLOYMENT_TARGET = 6.0;
			};
			name = Release;
		};
		CEF9B2A8248275BC009FEF9B /* Debug */ = {
			isa = XCBuildConfiguration;
			buildSettings = {
				ALWAYS_SEARCH_USER_PATHS = NO;
				ASSETCATALOG_COMPILER_APPICON_NAME = AppIcon;
				CLANG_ANALYZER_NONNULL = YES;
				CLANG_ANALYZER_NUMBER_OBJECT_CONVERSION = YES_AGGRESSIVE;
				CLANG_CXX_LANGUAGE_STANDARD = "gnu++14";
				CLANG_CXX_LIBRARY = "libc++";
				CLANG_ENABLE_OBJC_ARC = YES;
				CLANG_ENABLE_OBJC_WEAK = YES;
				CLANG_WARN_BLOCK_CAPTURE_AUTORELEASING = YES;
				CLANG_WARN_BOOL_CONVERSION = YES;
				CLANG_WARN_COMMA = YES;
				CLANG_WARN_CONSTANT_CONVERSION = YES;
				CLANG_WARN_DEPRECATED_OBJC_IMPLEMENTATIONS = YES;
				CLANG_WARN_DIRECT_OBJC_ISA_USAGE = YES_ERROR;
				CLANG_WARN_DOCUMENTATION_COMMENTS = YES;
				CLANG_WARN_EMPTY_BODY = YES;
				CLANG_WARN_ENUM_CONVERSION = YES;
				CLANG_WARN_INFINITE_RECURSION = YES;
				CLANG_WARN_INT_CONVERSION = YES;
				CLANG_WARN_NON_LITERAL_NULL_CONVERSION = YES;
				CLANG_WARN_OBJC_IMPLICIT_RETAIN_SELF = YES;
				CLANG_WARN_OBJC_LITERAL_CONVERSION = YES;
				CLANG_WARN_OBJC_ROOT_CLASS = YES_ERROR;
				CLANG_WARN_RANGE_LOOP_ANALYSIS = YES;
				CLANG_WARN_STRICT_PROTOTYPES = YES;
				CLANG_WARN_SUSPICIOUS_MOVE = YES;
				CLANG_WARN_UNGUARDED_AVAILABILITY = YES_AGGRESSIVE;
				CLANG_WARN_UNREACHABLE_CODE = YES;
				CLANG_WARN__DUPLICATE_METHOD_MATCH = YES;
				CODE_SIGN_ENTITLEMENTS = macOS/macOS.entitlements;
				CODE_SIGN_STYLE = Automatic;
				COMBINE_HIDPI_IMAGES = YES;
				COPY_PHASE_STRIP = NO;
				CURRENT_PROJECT_VERSION = 62;
				DEVELOPMENT_TEAM = 7AMWG3RLHN;
				ENABLE_HARDENED_RUNTIME = YES;
				ENABLE_STRICT_OBJC_MSGSEND = YES;
				ENABLE_TESTABILITY = YES;
				GCC_C_LANGUAGE_STANDARD = gnu11;
				GCC_DYNAMIC_NO_PIC = NO;
				GCC_NO_COMMON_BLOCKS = YES;
				GCC_PREPROCESSOR_DEFINITIONS = (
					"DEBUG=1",
					"$(inherited)",
				);
				GCC_WARN_64_TO_32_BIT_CONVERSION = YES;
				GCC_WARN_ABOUT_RETURN_TYPE = YES_ERROR;
				GCC_WARN_UNDECLARED_SELECTOR = YES;
				GCC_WARN_UNINITIALIZED_AUTOS = YES_AGGRESSIVE;
				GCC_WARN_UNUSED_FUNCTION = YES;
				GCC_WARN_UNUSED_VARIABLE = YES;
				INFOPLIST_FILE = macOS/Info.plist;
				LD_RUNPATH_SEARCH_PATHS = (
					"$(inherited)",
					"@executable_path/../Frameworks",
				);
				MARKETING_VERSION = 62;
				MTL_ENABLE_DEBUG_INFO = INCLUDE_SOURCE;
				MTL_FAST_MATH = YES;
				ONLY_ACTIVE_ARCH = YES;
				PRODUCT_BUNDLE_IDENTIFIER = rock.me.amadeus;
				SDKROOT = macosx;
				SWIFT_ACTIVE_COMPILATION_CONDITIONS = DEBUG;
			};
			name = Debug;
		};
		CEF9B2A9248275BC009FEF9B /* Release */ = {
			isa = XCBuildConfiguration;
			buildSettings = {
				ALWAYS_SEARCH_USER_PATHS = NO;
				ASSETCATALOG_COMPILER_APPICON_NAME = AppIcon;
				CLANG_ANALYZER_NONNULL = YES;
				CLANG_ANALYZER_NUMBER_OBJECT_CONVERSION = YES_AGGRESSIVE;
				CLANG_CXX_LANGUAGE_STANDARD = "gnu++14";
				CLANG_CXX_LIBRARY = "libc++";
				CLANG_ENABLE_OBJC_ARC = YES;
				CLANG_ENABLE_OBJC_WEAK = YES;
				CLANG_WARN_BLOCK_CAPTURE_AUTORELEASING = YES;
				CLANG_WARN_BOOL_CONVERSION = YES;
				CLANG_WARN_COMMA = YES;
				CLANG_WARN_CONSTANT_CONVERSION = YES;
				CLANG_WARN_DEPRECATED_OBJC_IMPLEMENTATIONS = YES;
				CLANG_WARN_DIRECT_OBJC_ISA_USAGE = YES_ERROR;
				CLANG_WARN_DOCUMENTATION_COMMENTS = YES;
				CLANG_WARN_EMPTY_BODY = YES;
				CLANG_WARN_ENUM_CONVERSION = YES;
				CLANG_WARN_INFINITE_RECURSION = YES;
				CLANG_WARN_INT_CONVERSION = YES;
				CLANG_WARN_NON_LITERAL_NULL_CONVERSION = YES;
				CLANG_WARN_OBJC_IMPLICIT_RETAIN_SELF = YES;
				CLANG_WARN_OBJC_LITERAL_CONVERSION = YES;
				CLANG_WARN_OBJC_ROOT_CLASS = YES_ERROR;
				CLANG_WARN_RANGE_LOOP_ANALYSIS = YES;
				CLANG_WARN_STRICT_PROTOTYPES = YES;
				CLANG_WARN_SUSPICIOUS_MOVE = YES;
				CLANG_WARN_UNGUARDED_AVAILABILITY = YES_AGGRESSIVE;
				CLANG_WARN_UNREACHABLE_CODE = YES;
				CLANG_WARN__DUPLICATE_METHOD_MATCH = YES;
				CODE_SIGN_ENTITLEMENTS = macOS/macOS.entitlements;
				CODE_SIGN_STYLE = Automatic;
				COMBINE_HIDPI_IMAGES = YES;
				COPY_PHASE_STRIP = NO;
				CURRENT_PROJECT_VERSION = 62;
				DEVELOPMENT_TEAM = 7AMWG3RLHN;
				ENABLE_HARDENED_RUNTIME = YES;
				ENABLE_NS_ASSERTIONS = NO;
				ENABLE_STRICT_OBJC_MSGSEND = YES;
				GCC_C_LANGUAGE_STANDARD = gnu11;
				GCC_NO_COMMON_BLOCKS = YES;
				GCC_WARN_64_TO_32_BIT_CONVERSION = YES;
				GCC_WARN_ABOUT_RETURN_TYPE = YES_ERROR;
				GCC_WARN_UNDECLARED_SELECTOR = YES;
				GCC_WARN_UNINITIALIZED_AUTOS = YES_AGGRESSIVE;
				GCC_WARN_UNUSED_FUNCTION = YES;
				GCC_WARN_UNUSED_VARIABLE = YES;
				INFOPLIST_FILE = macOS/Info.plist;
				LD_RUNPATH_SEARCH_PATHS = (
					"$(inherited)",
					"@executable_path/../Frameworks",
				);
				MARKETING_VERSION = 62;
				MTL_ENABLE_DEBUG_INFO = NO;
				MTL_FAST_MATH = YES;
				PRODUCT_BUNDLE_IDENTIFIER = rock.me.amadeus;
				SDKROOT = macosx;
			};
			name = Release;
		};
/* End XCBuildConfiguration section */

/* Begin XCConfigurationList section */
		CE4A60D92490BDFB0002FE19 /* Build configuration list for PBXNativeTarget "iOS" */ = {
			isa = XCConfigurationList;
			buildConfigurations = (
				CE4A60D72490BDFB0002FE19 /* Debug */,
				CE4A60D82490BDFB0002FE19 /* Release */,
			);
			defaultConfigurationIsVisible = 0;
			defaultConfigurationName = Release;
		};
		CE5981862494E6DC0056AA76 /* Build configuration list for PBXNativeTarget "watchOS Extension" */ = {
			isa = XCConfigurationList;
			buildConfigurations = (
				CE5981842494E6DC0056AA76 /* Debug */,
				CE5981852494E6DC0056AA76 /* Release */,
			);
			defaultConfigurationIsVisible = 0;
			defaultConfigurationName = Release;
		};
		CE5981872494E6DC0056AA76 /* Build configuration list for PBXNativeTarget "watchOS" */ = {
			isa = XCConfigurationList;
			buildConfigurations = (
				CE5981812494E6DC0056AA76 /* Debug */,
				CE5981822494E6DC0056AA76 /* Release */,
			);
			defaultConfigurationIsVisible = 0;
			defaultConfigurationName = Release;
		};
		CEC3ABB52482742E0069DBC3 /* Build configuration list for PBXProject "Amadeus" */ = {
			isa = XCConfigurationList;
			buildConfigurations = (
				CEC3ABB62482742E0069DBC3 /* Debug */,
				CEC3ABB72482742E0069DBC3 /* Release */,
			);
			defaultConfigurationIsVisible = 0;
			defaultConfigurationName = Release;
		};
		CEF9B2AA248275BC009FEF9B /* Build configuration list for PBXNativeTarget "macOS" */ = {
			isa = XCConfigurationList;
			buildConfigurations = (
				CEF9B2A8248275BC009FEF9B /* Debug */,
				CEF9B2A9248275BC009FEF9B /* Release */,
			);
			defaultConfigurationIsVisible = 0;
			defaultConfigurationName = Release;
		};
/* End XCConfigurationList section */

/* Begin XCRemoteSwiftPackageReference section */
		CE1D719B248D246B004D37F3 /* XCRemoteSwiftPackageReference "player" */ = {
			isa = XCRemoteSwiftPackageReference;
			repositoryURL = "https://github.com/rock-me/player.git";
			requirement = {
				branch = master;
				kind = branch;
			};
		};
		CEF9B2B024827F8A009FEF9B /* XCRemoteSwiftPackageReference "balam" */ = {
			isa = XCRemoteSwiftPackageReference;
			repositoryURL = "https://github.com/catverse/balam.git";
			requirement = {
				branch = master;
				kind = branch;
			};
		};
/* End XCRemoteSwiftPackageReference section */

/* Begin XCSwiftPackageProductDependency section */
		CE1D719C248D246B004D37F3 /* Player */ = {
			isa = XCSwiftPackageProductDependency;
			package = CE1D719B248D246B004D37F3 /* XCRemoteSwiftPackageReference "player" */;
			productName = Player;
		};
		CE4A60DB2490BE100002FE19 /* Balam */ = {
			isa = XCSwiftPackageProductDependency;
			package = CEF9B2B024827F8A009FEF9B /* XCRemoteSwiftPackageReference "balam" */;
			productName = Balam;
		};
		CE4A60DD2490BE100002FE19 /* Player */ = {
			isa = XCSwiftPackageProductDependency;
			package = CE1D719B248D246B004D37F3 /* XCRemoteSwiftPackageReference "player" */;
			productName = Player;
		};
		CE5981882494F3AA0056AA76 /* Player */ = {
			isa = XCSwiftPackageProductDependency;
			package = CE1D719B248D246B004D37F3 /* XCRemoteSwiftPackageReference "player" */;
			productName = Player;
		};
		CEF9B2B124827F8A009FEF9B /* Balam */ = {
			isa = XCSwiftPackageProductDependency;
			package = CEF9B2B024827F8A009FEF9B /* XCRemoteSwiftPackageReference "balam" */;
			productName = Balam;
		};
/* End XCSwiftPackageProductDependency section */
	};
	rootObject = CEC3ABB22482742E0069DBC3 /* Project object */;
}
